// !$*UTF8*$!
{
	archiveVersion = 1;
	classes = {
	};
	objectVersion = 46;
	objects = {

/* Begin PBXBuildFile section */
		13047C051ACEF37900BD13E8 /* MockHeading.swift in Sources */ = {isa = PBXBuildFile; fileRef = 13047C041ACEF37900BD13E8 /* MockHeading.swift */; };
		131080BC1B370EDF002B904A /* MockPoint.swift in Sources */ = {isa = PBXBuildFile; fileRef = 136CCE321AF2BBE200C74B8F /* MockPoint.swift */; };
		1310811B1B377619002B904A /* ObjC+GDAL.mm in Sources */ = {isa = PBXBuildFile; fileRef = 1310811A1B377619002B904A /* ObjC+GDAL.mm */; };
		1310811C1B377619002B904A /* ObjC+GDAL.mm in Sources */ = {isa = PBXBuildFile; fileRef = 1310811A1B377619002B904A /* ObjC+GDAL.mm */; };
		131081281B377B25002B904A /* gdalLocating.cpp in Sources */ = {isa = PBXBuildFile; fileRef = 131081261B377B25002B904A /* gdalLocating.cpp */; };
		131081291B377B25002B904A /* gdalLocating.cpp in Sources */ = {isa = PBXBuildFile; fileRef = 131081261B377B25002B904A /* gdalLocating.cpp */; };
		1310812B1B377BF7002B904A /* MockNearbyPointsManagerTwo.swift in Sources */ = {isa = PBXBuildFile; fileRef = 1310812A1B377BF7002B904A /* MockNearbyPointsManagerTwo.swift */; };
		1310812C1B377BF7002B904A /* MockNearbyPointsManagerTwo.swift in Sources */ = {isa = PBXBuildFile; fileRef = 1310812A1B377BF7002B904A /* MockNearbyPointsManagerTwo.swift */; };
		1310812E1B377C5A002B904A /* MockDoubleTap.swift in Sources */ = {isa = PBXBuildFile; fileRef = 1310812D1B377C5A002B904A /* MockDoubleTap.swift */; };
		1310812F1B377C5A002B904A /* MockDoubleTap.swift in Sources */ = {isa = PBXBuildFile; fileRef = 1310812D1B377C5A002B904A /* MockDoubleTap.swift */; };
		1315F85B1B5BEC110047006D /* Settings.bundle in Resources */ = {isa = PBXBuildFile; fileRef = 1315F85A1B5BEC110047006D /* Settings.bundle */; };
		131A704A1B1E273200662FA8 /* ElevationDataManagerTests.swift in Sources */ = {isa = PBXBuildFile; fileRef = 131A70491B1E273200662FA8 /* ElevationDataManagerTests.swift */; };
		131A70C91B1E33B000662FA8 /* ElevationDataManager.swift in Sources */ = {isa = PBXBuildFile; fileRef = 13CAEAF91B1D486300D30B6E /* ElevationDataManager.swift */; };
		131A70CE1B1E351F00662FA8 /* GDALWrapper.mm in Sources */ = {isa = PBXBuildFile; fileRef = 131A70CD1B1E351F00662FA8 /* GDALWrapper.mm */; };
		131A70D11B1E45B600662FA8 /* GDALWrapper.mm in Sources */ = {isa = PBXBuildFile; fileRef = 131A70CD1B1E351F00662FA8 /* GDALWrapper.mm */; };
		132F2C431AC762710071266F /* ParserTests.swift in Sources */ = {isa = PBXBuildFile; fileRef = 132F2C421AC762700071266F /* ParserTests.swift */; };
		132F2C451AC8E6D80071266F /* MockGeonamesCommunicator.swift in Sources */ = {isa = PBXBuildFile; fileRef = 132F2C441AC8E6D80071266F /* MockGeonamesCommunicator.swift */; };
		132F2C471AC901C50071266F /* MockNearbyPointsManagerDelegate.swift in Sources */ = {isa = PBXBuildFile; fileRef = 132F2C461AC901C50071266F /* MockNearbyPointsManagerDelegate.swift */; };
		135237621ABA20A000D33887 /* AppDelegate.swift in Sources */ = {isa = PBXBuildFile; fileRef = 135237611ABA20A000D33887 /* AppDelegate.swift */; };
		135237641ABA20A000D33887 /* NearbyPointsViewController.swift in Sources */ = {isa = PBXBuildFile; fileRef = 135237631ABA20A000D33887 /* NearbyPointsViewController.swift */; };
		135237671ABA20A000D33887 /* Main.storyboard in Resources */ = {isa = PBXBuildFile; fileRef = 135237651ABA20A000D33887 /* Main.storyboard */; };
		135237691ABA20A000D33887 /* Images.xcassets in Resources */ = {isa = PBXBuildFile; fileRef = 135237681ABA20A000D33887 /* Images.xcassets */; };
		1352376C1ABA20A000D33887 /* LaunchScreen.xib in Resources */ = {isa = PBXBuildFile; fileRef = 1352376A1ABA20A000D33887 /* LaunchScreen.xib */; };
		1368BDF21AFBAF220094ECD6 /* MockCommunicatorTwo.swift in Sources */ = {isa = PBXBuildFile; fileRef = 1368BDF11AFBAF220094ECD6 /* MockCommunicatorTwo.swift */; };
		136A0F101AE96EC000ED1D69 /* MockNearbyPointsViewController.swift in Sources */ = {isa = PBXBuildFile; fileRef = 136A0F0F1AE96EC000ED1D69 /* MockNearbyPointsViewController.swift */; };
		136CCE331AF2BBE200C74B8F /* MockPoint.swift in Sources */ = {isa = PBXBuildFile; fileRef = 136CCE321AF2BBE200C74B8F /* MockPoint.swift */; };
		138B182F1AC9C10100D54ECE /* MockParser.swift in Sources */ = {isa = PBXBuildFile; fileRef = 138B182E1AC9C10100D54ECE /* MockParser.swift */; };
		138B18331ACB6BB300D54ECE /* NearbyPoint.swift in Sources */ = {isa = PBXBuildFile; fileRef = 138B18321ACB6BB200D54ECE /* NearbyPoint.swift */; };
		138B18361ACB758700D54ECE /* NearbyPoint.swift in Sources */ = {isa = PBXBuildFile; fileRef = 138B18321ACB6BB200D54ECE /* NearbyPoint.swift */; };
		138B18391ACB79B000D54ECE /* NearbyPointClassTests.swift in Sources */ = {isa = PBXBuildFile; fileRef = 138B18381ACB79B000D54ECE /* NearbyPointClassTests.swift */; };
		139E8BA31ACC907D00C4C7E5 /* NearbyPointsViewController.swift in Sources */ = {isa = PBXBuildFile; fileRef = 135237631ABA20A000D33887 /* NearbyPointsViewController.swift */; };
		139E8BA51ACD95F000C4C7E5 /* NearbyPointsViewControllerTests.swift in Sources */ = {isa = PBXBuildFile; fileRef = 139E8BA41ACD95F000C4C7E5 /* NearbyPointsViewControllerTests.swift */; };
		13A3B9721AC5FC2800FF0202 /* GeonamesCommunicator.swift in Sources */ = {isa = PBXBuildFile; fileRef = 13A3B9711AC5FC2800FF0202 /* GeonamesCommunicator.swift */; };
		13A3B9741AC5FC8F00FF0202 /* GeonamesCommunicatorTests.swift in Sources */ = {isa = PBXBuildFile; fileRef = 13A3B9731AC5FC8F00FF0202 /* GeonamesCommunicatorTests.swift */; };
		13A3B9771AC6337900FF0202 /* NearbyPointsManager.swift in Sources */ = {isa = PBXBuildFile; fileRef = 13A3B9761AC6337900FF0202 /* NearbyPointsManager.swift */; };
		13A3B9791AC633AD00FF0202 /* NearbyPointsManagerTests.swift in Sources */ = {isa = PBXBuildFile; fileRef = 13A3B9781AC633AD00FF0202 /* NearbyPointsManagerTests.swift */; };
		13A3B97C1AC638A100FF0202 /* MockNearbyPointsManager.swift in Sources */ = {isa = PBXBuildFile; fileRef = 13A3B97B1AC638A100FF0202 /* MockNearbyPointsManager.swift */; };
		13A3B97F1AC6F5F300FF0202 /* GeoNamesJSONParser.swift in Sources */ = {isa = PBXBuildFile; fileRef = 13A3B97E1AC6F5F300FF0202 /* GeoNamesJSONParser.swift */; };
		13A3B9801AC707BA00FF0202 /* GeonamesCommunicator.swift in Sources */ = {isa = PBXBuildFile; fileRef = 13A3B9711AC5FC2800FF0202 /* GeonamesCommunicator.swift */; };
		13A3B9811AC70A1200FF0202 /* NearbyPointsManager.swift in Sources */ = {isa = PBXBuildFile; fileRef = 13A3B9761AC6337900FF0202 /* NearbyPointsManager.swift */; };
		13A3B9821AC70A2300FF0202 /* GeoNamesJSONParser.swift in Sources */ = {isa = PBXBuildFile; fileRef = 13A3B97E1AC6F5F300FF0202 /* GeoNamesJSONParser.swift */; };
		13A3B9841AC7102000FF0202 /* NNGeonamesCommunicator.swift in Sources */ = {isa = PBXBuildFile; fileRef = 13A3B9831AC7102000FF0202 /* NNGeonamesCommunicator.swift */; };
		13A3B9861AC7118000FF0202 /* FakeURLResponse.swift in Sources */ = {isa = PBXBuildFile; fileRef = 13A3B9851AC7118000FF0202 /* FakeURLResponse.swift */; };
		13C9BF9E1AE2C933005EF8D4 /* CaptureSessionManager.swift in Sources */ = {isa = PBXBuildFile; fileRef = 13C9BF9D1AE2C932005EF8D4 /* CaptureSessionManager.swift */; };
		13C9BF9F1AE2CEF2005EF8D4 /* CaptureSessionManager.swift in Sources */ = {isa = PBXBuildFile; fileRef = 13C9BF9D1AE2C932005EF8D4 /* CaptureSessionManager.swift */; };
		13C9BFD51AE5AE9A005EF8D4 /* AppDelegateTests.swift in Sources */ = {isa = PBXBuildFile; fileRef = 13C9BFD41AE5AE96005EF8D4 /* AppDelegateTests.swift */; };
		13C9BFD61AE5B111005EF8D4 /* AppDelegate.swift in Sources */ = {isa = PBXBuildFile; fileRef = 135237611ABA20A000D33887 /* AppDelegate.swift */; };
		13CAEAF71B1CD0E900D30B6E /* MockNearbyPointElevationData.swift in Sources */ = {isa = PBXBuildFile; fileRef = 13CAEAF61B1CD0E800D30B6E /* MockNearbyPointElevationData.swift */; };
		13CAEAF81B1CD3FC00D30B6E /* MockNearbyPointElevationData.swift in Sources */ = {isa = PBXBuildFile; fileRef = 13CAEAF61B1CD0E800D30B6E /* MockNearbyPointElevationData.swift */; };
		13CAEAFA1B1D486300D30B6E /* ElevationDataManager.swift in Sources */ = {isa = PBXBuildFile; fileRef = 13CAEAF91B1D486300D30B6E /* ElevationDataManager.swift */; };
		13CAEAFD1B1DFB6C00D30B6E /* MockElevationDataManager.swift in Sources */ = {isa = PBXBuildFile; fileRef = 13CAEAFC1B1DFB6C00D30B6E /* MockElevationDataManager.swift */; };
		13CAEAFE1B1DFBA900D30B6E /* MockElevationDataManager.swift in Sources */ = {isa = PBXBuildFile; fileRef = 13CAEAFC1B1DFB6C00D30B6E /* MockElevationDataManager.swift */; };
		13DCD1F71AF44048009993C5 /* Communicator.swift in Sources */ = {isa = PBXBuildFile; fileRef = 13DCD1F61AF44048009993C5 /* Communicator.swift */; };
		13DCD1F81AF4406E009993C5 /* Communicator.swift in Sources */ = {isa = PBXBuildFile; fileRef = 13DCD1F61AF44048009993C5 /* Communicator.swift */; };
		13DCD1FA1AF440A3009993C5 /* CommunicatorTests.swift in Sources */ = {isa = PBXBuildFile; fileRef = 13DCD1F91AF440A3009993C5 /* CommunicatorTests.swift */; };
		13DCD1FC1AF4468F009993C5 /* MockCommunicator.swift in Sources */ = {isa = PBXBuildFile; fileRef = 13DCD1FB1AF4468F009993C5 /* MockCommunicator.swift */; };
		8B11F4181BEC4D2F00FE1028 /* libstdc++.6.0.9.tbd in Frameworks */ = {isa = PBXBuildFile; fileRef = 8B11F4161BEC4AA800FE1028 /* libstdc++.6.0.9.tbd */; };
		8B11F41A1BEC4D3D00FE1028 /* libz.tbd in Frameworks */ = {isa = PBXBuildFile; fileRef = 8B11F4191BEC4D3D00FE1028 /* libz.tbd */; };
		8B11F41C1BEC4D4700FE1028 /* libiconv.tbd in Frameworks */ = {isa = PBXBuildFile; fileRef = 8B11F41B1BEC4D4700FE1028 /* libiconv.tbd */; };
		8B11F41E1BEC4D5200FE1028 /* libsqlite3.tbd in Frameworks */ = {isa = PBXBuildFile; fileRef = 8B11F41D1BEC4D5200FE1028 /* libsqlite3.tbd */; };
		8B11F4201BEC4D5B00FE1028 /* libxml2.tbd in Frameworks */ = {isa = PBXBuildFile; fileRef = 8B11F41F1BEC4D5B00FE1028 /* libxml2.tbd */; };
		8B11F4231BEC502800FE1028 /* libgdal_phone.a in Frameworks */ = {isa = PBXBuildFile; fileRef = 8B11F4211BEC502800FE1028 /* libgdal_phone.a */; };
		8B11F4241BEC502800FE1028 /* libproj_phone.a in Frameworks */ = {isa = PBXBuildFile; fileRef = 8B11F4221BEC502800FE1028 /* libproj_phone.a */; };
		8B6C14221BE1A50000D51276 /* us_bounded_compressed_tiled.tif in Resources */ = {isa = PBXBuildFile; fileRef = 8B6C14211BE1A50000D51276 /* us_bounded_compressed_tiled.tif */; };
		8BC19C0D1C0D12EC0047F2AF /* COPYING.txt in Resources */ = {isa = PBXBuildFile; fileRef = 8BC19C0C1C0D12EC0047F2AF /* COPYING.txt */; };
/* End PBXBuildFile section */

/* Begin PBXContainerItemProxy section */
		135237721ABA20A100D33887 /* PBXContainerItemProxy */ = {
			isa = PBXContainerItemProxy;
			containerPortal = 135237541ABA209E00D33887 /* Project object */;
			proxyType = 1;
			remoteGlobalIDString = 1352375B1ABA209F00D33887;
			remoteInfo = "what's what";
		};
/* End PBXContainerItemProxy section */

/* Begin PBXFileReference section */
		13047C041ACEF37900BD13E8 /* MockHeading.swift */ = {isa = PBXFileReference; fileEncoding = 4; lastKnownFileType = sourcecode.swift; path = MockHeading.swift; sourceTree = "<group>"; };
		131080D51B377559002B904A /* cpl_atomic_ops.h */ = {isa = PBXFileReference; fileEncoding = 4; lastKnownFileType = sourcecode.c.h; name = cpl_atomic_ops.h; path = "gdal-include/cpl_atomic_ops.h"; sourceTree = "<group>"; };
		131080D61B377559002B904A /* cpl_config.h */ = {isa = PBXFileReference; fileEncoding = 4; lastKnownFileType = sourcecode.c.h; name = cpl_config.h; path = "gdal-include/cpl_config.h"; sourceTree = "<group>"; };
		131080D71B377559002B904A /* cpl_conv.h */ = {isa = PBXFileReference; fileEncoding = 4; lastKnownFileType = sourcecode.c.h; name = cpl_conv.h; path = "gdal-include/cpl_conv.h"; sourceTree = "<group>"; };
		131080D81B377559002B904A /* cpl_csv.h */ = {isa = PBXFileReference; fileEncoding = 4; lastKnownFileType = sourcecode.c.h; name = cpl_csv.h; path = "gdal-include/cpl_csv.h"; sourceTree = "<group>"; };
		131080D91B377559002B904A /* cpl_error.h */ = {isa = PBXFileReference; fileEncoding = 4; lastKnownFileType = sourcecode.c.h; name = cpl_error.h; path = "gdal-include/cpl_error.h"; sourceTree = "<group>"; };
		131080DA1B377559002B904A /* cpl_hash_set.h */ = {isa = PBXFileReference; fileEncoding = 4; lastKnownFileType = sourcecode.c.h; name = cpl_hash_set.h; path = "gdal-include/cpl_hash_set.h"; sourceTree = "<group>"; };
		131080DB1B377559002B904A /* cpl_http.h */ = {isa = PBXFileReference; fileEncoding = 4; lastKnownFileType = sourcecode.c.h; name = cpl_http.h; path = "gdal-include/cpl_http.h"; sourceTree = "<group>"; };
		131080DC1B377559002B904A /* cpl_list.h */ = {isa = PBXFileReference; fileEncoding = 4; lastKnownFileType = sourcecode.c.h; name = cpl_list.h; path = "gdal-include/cpl_list.h"; sourceTree = "<group>"; };
		131080DD1B377559002B904A /* cpl_minixml.h */ = {isa = PBXFileReference; fileEncoding = 4; lastKnownFileType = sourcecode.c.h; name = cpl_minixml.h; path = "gdal-include/cpl_minixml.h"; sourceTree = "<group>"; };
		131080DE1B377559002B904A /* cpl_minizip_ioapi.h */ = {isa = PBXFileReference; fileEncoding = 4; lastKnownFileType = sourcecode.c.h; name = cpl_minizip_ioapi.h; path = "gdal-include/cpl_minizip_ioapi.h"; sourceTree = "<group>"; };
		131080DF1B377559002B904A /* cpl_minizip_unzip.h */ = {isa = PBXFileReference; fileEncoding = 4; lastKnownFileType = sourcecode.c.h; name = cpl_minizip_unzip.h; path = "gdal-include/cpl_minizip_unzip.h"; sourceTree = "<group>"; };
		131080E01B377559002B904A /* cpl_minizip_zip.h */ = {isa = PBXFileReference; fileEncoding = 4; lastKnownFileType = sourcecode.c.h; name = cpl_minizip_zip.h; path = "gdal-include/cpl_minizip_zip.h"; sourceTree = "<group>"; };
		131080E11B377559002B904A /* cpl_multiproc.h */ = {isa = PBXFileReference; fileEncoding = 4; lastKnownFileType = sourcecode.c.h; name = cpl_multiproc.h; path = "gdal-include/cpl_multiproc.h"; sourceTree = "<group>"; };
		131080E21B377559002B904A /* cpl_odbc.h */ = {isa = PBXFileReference; fileEncoding = 4; lastKnownFileType = sourcecode.c.h; name = cpl_odbc.h; path = "gdal-include/cpl_odbc.h"; sourceTree = "<group>"; };
		131080E31B377559002B904A /* cpl_port.h */ = {isa = PBXFileReference; fileEncoding = 4; lastKnownFileType = sourcecode.c.h; name = cpl_port.h; path = "gdal-include/cpl_port.h"; sourceTree = "<group>"; };
		131080E41B377559002B904A /* cpl_progress.h */ = {isa = PBXFileReference; fileEncoding = 4; lastKnownFileType = sourcecode.c.h; name = cpl_progress.h; path = "gdal-include/cpl_progress.h"; sourceTree = "<group>"; };
		131080E51B377559002B904A /* cpl_quad_tree.h */ = {isa = PBXFileReference; fileEncoding = 4; lastKnownFileType = sourcecode.c.h; name = cpl_quad_tree.h; path = "gdal-include/cpl_quad_tree.h"; sourceTree = "<group>"; };
		131080E61B377559002B904A /* cpl_spawn.h */ = {isa = PBXFileReference; fileEncoding = 4; lastKnownFileType = sourcecode.c.h; name = cpl_spawn.h; path = "gdal-include/cpl_spawn.h"; sourceTree = "<group>"; };
		131080E71B377559002B904A /* cpl_string.h */ = {isa = PBXFileReference; fileEncoding = 4; lastKnownFileType = sourcecode.c.h; name = cpl_string.h; path = "gdal-include/cpl_string.h"; sourceTree = "<group>"; };
		131080E81B377559002B904A /* cpl_time.h */ = {isa = PBXFileReference; fileEncoding = 4; lastKnownFileType = sourcecode.c.h; name = cpl_time.h; path = "gdal-include/cpl_time.h"; sourceTree = "<group>"; };
		131080E91B377559002B904A /* cpl_virtualmem.h */ = {isa = PBXFileReference; fileEncoding = 4; lastKnownFileType = sourcecode.c.h; name = cpl_virtualmem.h; path = "gdal-include/cpl_virtualmem.h"; sourceTree = "<group>"; };
		131080EA1B377559002B904A /* cpl_vsi_virtual.h */ = {isa = PBXFileReference; fileEncoding = 4; lastKnownFileType = sourcecode.c.h; name = cpl_vsi_virtual.h; path = "gdal-include/cpl_vsi_virtual.h"; sourceTree = "<group>"; };
		131080EB1B377559002B904A /* cpl_vsi.h */ = {isa = PBXFileReference; fileEncoding = 4; lastKnownFileType = sourcecode.c.h; name = cpl_vsi.h; path = "gdal-include/cpl_vsi.h"; sourceTree = "<group>"; };
		131080EC1B377559002B904A /* cpl_vsil_curl_priv.h */ = {isa = PBXFileReference; fileEncoding = 4; lastKnownFileType = sourcecode.c.h; name = cpl_vsil_curl_priv.h; path = "gdal-include/cpl_vsil_curl_priv.h"; sourceTree = "<group>"; };
		131080ED1B377559002B904A /* cpl_win32ce_api.h */ = {isa = PBXFileReference; fileEncoding = 4; lastKnownFileType = sourcecode.c.h; name = cpl_win32ce_api.h; path = "gdal-include/cpl_win32ce_api.h"; sourceTree = "<group>"; };
		131080EE1B377559002B904A /* cpl_wince.h */ = {isa = PBXFileReference; fileEncoding = 4; lastKnownFileType = sourcecode.c.h; name = cpl_wince.h; path = "gdal-include/cpl_wince.h"; sourceTree = "<group>"; };
		131080EF1B377559002B904A /* cplkeywordparser.h */ = {isa = PBXFileReference; fileEncoding = 4; lastKnownFileType = sourcecode.c.h; name = cplkeywordparser.h; path = "gdal-include/cplkeywordparser.h"; sourceTree = "<group>"; };
		131080F01B377559002B904A /* gdal_alg_priv.h */ = {isa = PBXFileReference; fileEncoding = 4; lastKnownFileType = sourcecode.c.h; name = gdal_alg_priv.h; path = "gdal-include/gdal_alg_priv.h"; sourceTree = "<group>"; };
		131080F11B377559002B904A /* gdal_alg.h */ = {isa = PBXFileReference; fileEncoding = 4; lastKnownFileType = sourcecode.c.h; name = gdal_alg.h; path = "gdal-include/gdal_alg.h"; sourceTree = "<group>"; };
		131080F21B377559002B904A /* gdal_csv.h */ = {isa = PBXFileReference; fileEncoding = 4; lastKnownFileType = sourcecode.c.h; name = gdal_csv.h; path = "gdal-include/gdal_csv.h"; sourceTree = "<group>"; };
		131080F31B377559002B904A /* gdal_frmts.h */ = {isa = PBXFileReference; fileEncoding = 4; lastKnownFileType = sourcecode.c.h; name = gdal_frmts.h; path = "gdal-include/gdal_frmts.h"; sourceTree = "<group>"; };
		131080F41B377559002B904A /* gdal_pam.h */ = {isa = PBXFileReference; fileEncoding = 4; lastKnownFileType = sourcecode.c.h; name = gdal_pam.h; path = "gdal-include/gdal_pam.h"; sourceTree = "<group>"; };
		131080F51B377559002B904A /* gdal_priv.h */ = {isa = PBXFileReference; fileEncoding = 4; lastKnownFileType = sourcecode.c.h; name = gdal_priv.h; path = "gdal-include/gdal_priv.h"; sourceTree = "<group>"; };
		131080F61B377559002B904A /* gdal_proxy.h */ = {isa = PBXFileReference; fileEncoding = 4; lastKnownFileType = sourcecode.c.h; name = gdal_proxy.h; path = "gdal-include/gdal_proxy.h"; sourceTree = "<group>"; };
		131080F71B377559002B904A /* gdal_rat.h */ = {isa = PBXFileReference; fileEncoding = 4; lastKnownFileType = sourcecode.c.h; name = gdal_rat.h; path = "gdal-include/gdal_rat.h"; sourceTree = "<group>"; };
		131080F81B377559002B904A /* gdal_simplesurf.h */ = {isa = PBXFileReference; fileEncoding = 4; lastKnownFileType = sourcecode.c.h; name = gdal_simplesurf.h; path = "gdal-include/gdal_simplesurf.h"; sourceTree = "<group>"; };
		131080F91B377559002B904A /* gdal_version.h */ = {isa = PBXFileReference; fileEncoding = 4; lastKnownFileType = sourcecode.c.h; name = gdal_version.h; path = "gdal-include/gdal_version.h"; sourceTree = "<group>"; };
		131080FA1B377559002B904A /* gdal_vrt.h */ = {isa = PBXFileReference; fileEncoding = 4; lastKnownFileType = sourcecode.c.h; name = gdal_vrt.h; path = "gdal-include/gdal_vrt.h"; sourceTree = "<group>"; };
		131080FB1B377559002B904A /* gdal.h */ = {isa = PBXFileReference; fileEncoding = 4; lastKnownFileType = sourcecode.c.h; name = gdal.h; path = "gdal-include/gdal.h"; sourceTree = "<group>"; };
		131080FC1B377559002B904A /* gdalexif.h */ = {isa = PBXFileReference; fileEncoding = 4; lastKnownFileType = sourcecode.c.h; name = gdalexif.h; path = "gdal-include/gdalexif.h"; sourceTree = "<group>"; };
		131080FD1B377559002B904A /* gdalgeorefpamdataset.h */ = {isa = PBXFileReference; fileEncoding = 4; lastKnownFileType = sourcecode.c.h; name = gdalgeorefpamdataset.h; path = "gdal-include/gdalgeorefpamdataset.h"; sourceTree = "<group>"; };
		131080FE1B377559002B904A /* gdalgrid_priv.h */ = {isa = PBXFileReference; fileEncoding = 4; lastKnownFileType = sourcecode.c.h; name = gdalgrid_priv.h; path = "gdal-include/gdalgrid_priv.h"; sourceTree = "<group>"; };
		131080FF1B377559002B904A /* gdalgrid.h */ = {isa = PBXFileReference; fileEncoding = 4; lastKnownFileType = sourcecode.c.h; name = gdalgrid.h; path = "gdal-include/gdalgrid.h"; sourceTree = "<group>"; };
		131081001B377559002B904A /* gdaljp2abstractdataset.h */ = {isa = PBXFileReference; fileEncoding = 4; lastKnownFileType = sourcecode.c.h; name = gdaljp2abstractdataset.h; path = "gdal-include/gdaljp2abstractdataset.h"; sourceTree = "<group>"; };
		131081011B377559002B904A /* gdaljp2metadata.h */ = {isa = PBXFileReference; fileEncoding = 4; lastKnownFileType = sourcecode.c.h; name = gdaljp2metadata.h; path = "gdal-include/gdaljp2metadata.h"; sourceTree = "<group>"; };
		131081021B377559002B904A /* gdalwarper.h */ = {isa = PBXFileReference; fileEncoding = 4; lastKnownFileType = sourcecode.c.h; name = gdalwarper.h; path = "gdal-include/gdalwarper.h"; sourceTree = "<group>"; };
		131081031B377559002B904A /* gdalwarpkernel_opencl.h */ = {isa = PBXFileReference; fileEncoding = 4; lastKnownFileType = sourcecode.c.h; name = gdalwarpkernel_opencl.h; path = "gdal-include/gdalwarpkernel_opencl.h"; sourceTree = "<group>"; };
		131081041B377559002B904A /* gvgcpfit.h */ = {isa = PBXFileReference; fileEncoding = 4; lastKnownFileType = sourcecode.c.h; name = gvgcpfit.h; path = "gdal-include/gvgcpfit.h"; sourceTree = "<group>"; };
		131081051B377559002B904A /* memdataset.h */ = {isa = PBXFileReference; fileEncoding = 4; lastKnownFileType = sourcecode.c.h; name = memdataset.h; path = "gdal-include/memdataset.h"; sourceTree = "<group>"; };
		131081061B377559002B904A /* ogr_api.h */ = {isa = PBXFileReference; fileEncoding = 4; lastKnownFileType = sourcecode.c.h; name = ogr_api.h; path = "gdal-include/ogr_api.h"; sourceTree = "<group>"; };
		131081071B377559002B904A /* ogr_core.h */ = {isa = PBXFileReference; fileEncoding = 4; lastKnownFileType = sourcecode.c.h; name = ogr_core.h; path = "gdal-include/ogr_core.h"; sourceTree = "<group>"; };
		131081081B377559002B904A /* ogr_feature.h */ = {isa = PBXFileReference; fileEncoding = 4; lastKnownFileType = sourcecode.c.h; name = ogr_feature.h; path = "gdal-include/ogr_feature.h"; sourceTree = "<group>"; };
		131081091B377559002B904A /* ogr_featurestyle.h */ = {isa = PBXFileReference; fileEncoding = 4; lastKnownFileType = sourcecode.c.h; name = ogr_featurestyle.h; path = "gdal-include/ogr_featurestyle.h"; sourceTree = "<group>"; };
		1310810A1B377559002B904A /* ogr_geocoding.h */ = {isa = PBXFileReference; fileEncoding = 4; lastKnownFileType = sourcecode.c.h; name = ogr_geocoding.h; path = "gdal-include/ogr_geocoding.h"; sourceTree = "<group>"; };
		1310810B1B377559002B904A /* ogr_geometry.h */ = {isa = PBXFileReference; fileEncoding = 4; lastKnownFileType = sourcecode.c.h; name = ogr_geometry.h; path = "gdal-include/ogr_geometry.h"; sourceTree = "<group>"; };
		1310810C1B377559002B904A /* ogr_p.h */ = {isa = PBXFileReference; fileEncoding = 4; lastKnownFileType = sourcecode.c.h; name = ogr_p.h; path = "gdal-include/ogr_p.h"; sourceTree = "<group>"; };
		1310810D1B377559002B904A /* ogr_spatialref.h */ = {isa = PBXFileReference; fileEncoding = 4; lastKnownFileType = sourcecode.c.h; name = ogr_spatialref.h; path = "gdal-include/ogr_spatialref.h"; sourceTree = "<group>"; };
		1310810E1B377559002B904A /* ogr_srs_api.h */ = {isa = PBXFileReference; fileEncoding = 4; lastKnownFileType = sourcecode.c.h; name = ogr_srs_api.h; path = "gdal-include/ogr_srs_api.h"; sourceTree = "<group>"; };
		1310810F1B377559002B904A /* ogrsf_frmts.h */ = {isa = PBXFileReference; fileEncoding = 4; lastKnownFileType = sourcecode.c.h; name = ogrsf_frmts.h; path = "gdal-include/ogrsf_frmts.h"; sourceTree = "<group>"; };
		131081101B377559002B904A /* org_proj4_Projections.h */ = {isa = PBXFileReference; fileEncoding = 4; lastKnownFileType = sourcecode.c.h; name = org_proj4_Projections.h; path = "gdal-include/org_proj4_Projections.h"; sourceTree = "<group>"; };
		131081111B377559002B904A /* proj_api.h */ = {isa = PBXFileReference; fileEncoding = 4; lastKnownFileType = sourcecode.c.h; name = proj_api.h; path = "gdal-include/proj_api.h"; sourceTree = "<group>"; };
		131081121B377559002B904A /* rawdataset.h */ = {isa = PBXFileReference; fileEncoding = 4; lastKnownFileType = sourcecode.c.h; name = rawdataset.h; path = "gdal-include/rawdataset.h"; sourceTree = "<group>"; };
		131081131B377559002B904A /* thinplatespline.h */ = {isa = PBXFileReference; fileEncoding = 4; lastKnownFileType = sourcecode.c.h; name = thinplatespline.h; path = "gdal-include/thinplatespline.h"; sourceTree = "<group>"; };
		131081141B377559002B904A /* vrtdataset.h */ = {isa = PBXFileReference; fileEncoding = 4; lastKnownFileType = sourcecode.c.h; name = vrtdataset.h; path = "gdal-include/vrtdataset.h"; sourceTree = "<group>"; };
		131081191B377619002B904A /* ObjC+GDAL.h */ = {isa = PBXFileReference; fileEncoding = 4; lastKnownFileType = sourcecode.c.h; path = "ObjC+GDAL.h"; sourceTree = "<group>"; };
		1310811A1B377619002B904A /* ObjC+GDAL.mm */ = {isa = PBXFileReference; fileEncoding = 4; lastKnownFileType = sourcecode.cpp.objcpp; path = "ObjC+GDAL.mm"; sourceTree = "<group>"; };
		1310811D1B377656002B904A /* CNearbyPointElevationData.h */ = {isa = PBXFileReference; fileEncoding = 4; lastKnownFileType = sourcecode.c.h; path = CNearbyPointElevationData.h; sourceTree = "<group>"; };
		131081261B377B25002B904A /* gdalLocating.cpp */ = {isa = PBXFileReference; fileEncoding = 4; lastKnownFileType = sourcecode.cpp.cpp; path = gdalLocating.cpp; sourceTree = "<group>"; };
		131081271B377B25002B904A /* gdalLocating.h */ = {isa = PBXFileReference; fileEncoding = 4; lastKnownFileType = sourcecode.c.h; path = gdalLocating.h; sourceTree = "<group>"; };
		1310812A1B377BF7002B904A /* MockNearbyPointsManagerTwo.swift */ = {isa = PBXFileReference; fileEncoding = 4; lastKnownFileType = sourcecode.swift; path = MockNearbyPointsManagerTwo.swift; sourceTree = "<group>"; };
		1310812D1B377C5A002B904A /* MockDoubleTap.swift */ = {isa = PBXFileReference; fileEncoding = 4; lastKnownFileType = sourcecode.swift; path = MockDoubleTap.swift; sourceTree = "<group>"; };
		1315F85A1B5BEC110047006D /* Settings.bundle */ = {isa = PBXFileReference; lastKnownFileType = "wrapper.plug-in"; path = Settings.bundle; sourceTree = "<group>"; };
		131A70491B1E273200662FA8 /* ElevationDataManagerTests.swift */ = {isa = PBXFileReference; fileEncoding = 4; lastKnownFileType = sourcecode.swift; path = ElevationDataManagerTests.swift; sourceTree = "<group>"; };
		131A70B01B1E2EF900662FA8 /* gdal-Bridging-Header.h */ = {isa = PBXFileReference; lastKnownFileType = sourcecode.c.h; path = "gdal-Bridging-Header.h"; sourceTree = "<group>"; };
		131A70CC1B1E351E00662FA8 /* GDALWrapper.h */ = {isa = PBXFileReference; fileEncoding = 4; lastKnownFileType = sourcecode.c.h; path = GDALWrapper.h; sourceTree = "<group>"; };
		131A70CD1B1E351F00662FA8 /* GDALWrapper.mm */ = {isa = PBXFileReference; fileEncoding = 4; lastKnownFileType = sourcecode.cpp.objcpp; path = GDALWrapper.mm; sourceTree = "<group>"; };
		132F2C421AC762700071266F /* ParserTests.swift */ = {isa = PBXFileReference; fileEncoding = 4; lastKnownFileType = sourcecode.swift; path = ParserTests.swift; sourceTree = "<group>"; };
		132F2C441AC8E6D80071266F /* MockGeonamesCommunicator.swift */ = {isa = PBXFileReference; fileEncoding = 4; lastKnownFileType = sourcecode.swift; path = MockGeonamesCommunicator.swift; sourceTree = "<group>"; };
		132F2C461AC901C50071266F /* MockNearbyPointsManagerDelegate.swift */ = {isa = PBXFileReference; fileEncoding = 4; lastKnownFileType = sourcecode.swift; name = MockNearbyPointsManagerDelegate.swift; path = "../what's what/MockNearbyPointsManagerDelegate.swift"; sourceTree = "<group>"; };
		1345C4A71AEB08750041D182 /* currentLocation.gpx */ = {isa = PBXFileReference; fileEncoding = 4; lastKnownFileType = text.xml; name = currentLocation.gpx; path = "what's what/currentLocation.gpx"; sourceTree = "<group>"; };
		1352375C1ABA209F00D33887 /* Locationary.app */ = {isa = PBXFileReference; explicitFileType = wrapper.application; includeInIndex = 0; path = Locationary.app; sourceTree = BUILT_PRODUCTS_DIR; };
		135237601ABA20A000D33887 /* Info.plist */ = {isa = PBXFileReference; lastKnownFileType = text.plist.xml; path = Info.plist; sourceTree = "<group>"; };
		135237611ABA20A000D33887 /* AppDelegate.swift */ = {isa = PBXFileReference; lastKnownFileType = sourcecode.swift; path = AppDelegate.swift; sourceTree = "<group>"; };
		135237631ABA20A000D33887 /* NearbyPointsViewController.swift */ = {isa = PBXFileReference; lastKnownFileType = sourcecode.swift; path = NearbyPointsViewController.swift; sourceTree = "<group>"; };
		135237661ABA20A000D33887 /* Base */ = {isa = PBXFileReference; lastKnownFileType = file.storyboard; name = Base; path = Base.lproj/Main.storyboard; sourceTree = "<group>"; };
		135237681ABA20A000D33887 /* Images.xcassets */ = {isa = PBXFileReference; lastKnownFileType = folder.assetcatalog; path = Images.xcassets; sourceTree = "<group>"; };
		1352376B1ABA20A000D33887 /* Base */ = {isa = PBXFileReference; lastKnownFileType = file.xib; name = Base; path = Base.lproj/LaunchScreen.xib; sourceTree = "<group>"; };
		135237711ABA20A100D33887 /* LocationaryTests.xctest */ = {isa = PBXFileReference; explicitFileType = wrapper.cfbundle; includeInIndex = 0; path = LocationaryTests.xctest; sourceTree = BUILT_PRODUCTS_DIR; };
		135237761ABA20A100D33887 /* Info.plist */ = {isa = PBXFileReference; lastKnownFileType = text.plist.xml; path = Info.plist; sourceTree = "<group>"; };
		1368BDF11AFBAF220094ECD6 /* MockCommunicatorTwo.swift */ = {isa = PBXFileReference; fileEncoding = 4; lastKnownFileType = sourcecode.swift; path = MockCommunicatorTwo.swift; sourceTree = "<group>"; };
		136A0F0F1AE96EC000ED1D69 /* MockNearbyPointsViewController.swift */ = {isa = PBXFileReference; fileEncoding = 4; lastKnownFileType = sourcecode.swift; path = MockNearbyPointsViewController.swift; sourceTree = "<group>"; };
		136CCE321AF2BBE200C74B8F /* MockPoint.swift */ = {isa = PBXFileReference; fileEncoding = 4; lastKnownFileType = sourcecode.swift; path = MockPoint.swift; sourceTree = "<group>"; };
		138B182E1AC9C10100D54ECE /* MockParser.swift */ = {isa = PBXFileReference; fileEncoding = 4; lastKnownFileType = sourcecode.swift; path = MockParser.swift; sourceTree = "<group>"; };
		138B18321ACB6BB200D54ECE /* NearbyPoint.swift */ = {isa = PBXFileReference; fileEncoding = 4; lastKnownFileType = sourcecode.swift; path = NearbyPoint.swift; sourceTree = "<group>"; };
		138B18381ACB79B000D54ECE /* NearbyPointClassTests.swift */ = {isa = PBXFileReference; fileEncoding = 4; lastKnownFileType = sourcecode.swift; name = NearbyPointClassTests.swift; path = "../what's what/NearbyPointClassTests.swift"; sourceTree = "<group>"; };
		139E8BA41ACD95F000C4C7E5 /* NearbyPointsViewControllerTests.swift */ = {isa = PBXFileReference; fileEncoding = 4; lastKnownFileType = sourcecode.swift; name = NearbyPointsViewControllerTests.swift; path = "what's whatTests/NearbyPointsViewControllerTests.swift"; sourceTree = SOURCE_ROOT; };
		13A3B9711AC5FC2800FF0202 /* GeonamesCommunicator.swift */ = {isa = PBXFileReference; fileEncoding = 4; lastKnownFileType = sourcecode.swift; path = GeonamesCommunicator.swift; sourceTree = "<group>"; };
		13A3B9731AC5FC8F00FF0202 /* GeonamesCommunicatorTests.swift */ = {isa = PBXFileReference; fileEncoding = 4; lastKnownFileType = sourcecode.swift; path = GeonamesCommunicatorTests.swift; sourceTree = "<group>"; };
		13A3B9761AC6337900FF0202 /* NearbyPointsManager.swift */ = {isa = PBXFileReference; fileEncoding = 4; lastKnownFileType = sourcecode.swift; path = NearbyPointsManager.swift; sourceTree = "<group>"; };
		13A3B9781AC633AD00FF0202 /* NearbyPointsManagerTests.swift */ = {isa = PBXFileReference; fileEncoding = 4; lastKnownFileType = sourcecode.swift; path = NearbyPointsManagerTests.swift; sourceTree = "<group>"; };
		13A3B97B1AC638A100FF0202 /* MockNearbyPointsManager.swift */ = {isa = PBXFileReference; fileEncoding = 4; lastKnownFileType = sourcecode.swift; path = MockNearbyPointsManager.swift; sourceTree = "<group>"; };
		13A3B97E1AC6F5F300FF0202 /* GeoNamesJSONParser.swift */ = {isa = PBXFileReference; fileEncoding = 4; lastKnownFileType = sourcecode.swift; path = GeoNamesJSONParser.swift; sourceTree = "<group>"; };
		13A3B9831AC7102000FF0202 /* NNGeonamesCommunicator.swift */ = {isa = PBXFileReference; fileEncoding = 4; lastKnownFileType = sourcecode.swift; path = NNGeonamesCommunicator.swift; sourceTree = "<group>"; };
		13A3B9851AC7118000FF0202 /* FakeURLResponse.swift */ = {isa = PBXFileReference; fileEncoding = 4; lastKnownFileType = sourcecode.swift; path = FakeURLResponse.swift; sourceTree = "<group>"; };
		13C9BF9D1AE2C932005EF8D4 /* CaptureSessionManager.swift */ = {isa = PBXFileReference; fileEncoding = 4; lastKnownFileType = sourcecode.swift; path = CaptureSessionManager.swift; sourceTree = "<group>"; };
		13C9BFD41AE5AE96005EF8D4 /* AppDelegateTests.swift */ = {isa = PBXFileReference; fileEncoding = 4; lastKnownFileType = sourcecode.swift; path = AppDelegateTests.swift; sourceTree = "<group>"; };
		13CAEAF61B1CD0E800D30B6E /* MockNearbyPointElevationData.swift */ = {isa = PBXFileReference; fileEncoding = 4; lastKnownFileType = sourcecode.swift; path = MockNearbyPointElevationData.swift; sourceTree = "<group>"; };
		13CAEAF91B1D486300D30B6E /* ElevationDataManager.swift */ = {isa = PBXFileReference; fileEncoding = 4; lastKnownFileType = sourcecode.swift; path = ElevationDataManager.swift; sourceTree = "<group>"; };
		13CAEAFC1B1DFB6C00D30B6E /* MockElevationDataManager.swift */ = {isa = PBXFileReference; fileEncoding = 4; lastKnownFileType = sourcecode.swift; path = MockElevationDataManager.swift; sourceTree = "<group>"; };
		13DCD1F61AF44048009993C5 /* Communicator.swift */ = {isa = PBXFileReference; fileEncoding = 4; lastKnownFileType = sourcecode.swift; path = Communicator.swift; sourceTree = "<group>"; };
		13DCD1F91AF440A3009993C5 /* CommunicatorTests.swift */ = {isa = PBXFileReference; fileEncoding = 4; lastKnownFileType = sourcecode.swift; path = CommunicatorTests.swift; sourceTree = "<group>"; };
		13DCD1FB1AF4468F009993C5 /* MockCommunicator.swift */ = {isa = PBXFileReference; fileEncoding = 4; lastKnownFileType = sourcecode.swift; path = MockCommunicator.swift; sourceTree = "<group>"; };
		8B11F4161BEC4AA800FE1028 /* libstdc++.6.0.9.tbd */ = {isa = PBXFileReference; lastKnownFileType = "sourcecode.text-based-dylib-definition"; name = "libstdc++.6.0.9.tbd"; path = "usr/lib/libstdc++.6.0.9.tbd"; sourceTree = SDKROOT; };
		8B11F4191BEC4D3D00FE1028 /* libz.tbd */ = {isa = PBXFileReference; lastKnownFileType = "sourcecode.text-based-dylib-definition"; name = libz.tbd; path = usr/lib/libz.tbd; sourceTree = SDKROOT; };
		8B11F41B1BEC4D4700FE1028 /* libiconv.tbd */ = {isa = PBXFileReference; lastKnownFileType = "sourcecode.text-based-dylib-definition"; name = libiconv.tbd; path = usr/lib/libiconv.tbd; sourceTree = SDKROOT; };
		8B11F41D1BEC4D5200FE1028 /* libsqlite3.tbd */ = {isa = PBXFileReference; lastKnownFileType = "sourcecode.text-based-dylib-definition"; name = libsqlite3.tbd; path = usr/lib/libsqlite3.tbd; sourceTree = SDKROOT; };
		8B11F41F1BEC4D5B00FE1028 /* libxml2.tbd */ = {isa = PBXFileReference; lastKnownFileType = "sourcecode.text-based-dylib-definition"; name = libxml2.tbd; path = usr/lib/libxml2.tbd; sourceTree = SDKROOT; };
		8B11F4211BEC502800FE1028 /* libgdal_phone.a */ = {isa = PBXFileReference; lastKnownFileType = archive.ar; name = libgdal_phone.a; path = ../../gdal_scripts/install_64/libgdal_phone.a; sourceTree = "<group>"; };
		8B11F4221BEC502800FE1028 /* libproj_phone.a */ = {isa = PBXFileReference; lastKnownFileType = archive.ar; name = libproj_phone.a; path = ../../gdal_scripts/install_64/libproj_phone.a; sourceTree = "<group>"; };
		8B6C14211BE1A50000D51276 /* us_bounded_compressed_tiled.tif */ = {isa = PBXFileReference; lastKnownFileType = image.tiff; name = us_bounded_compressed_tiled.tif; path = ../gdal_elevation_data/us/300/us_bounded_compressed_tiled.tif; sourceTree = "<group>"; };
		8BC19C0C1C0D12EC0047F2AF /* COPYING.txt */ = {isa = PBXFileReference; fileEncoding = 4; lastKnownFileType = text; path = COPYING.txt; sourceTree = "<group>"; };
/* End PBXFileReference section */

/* Begin PBXFrameworksBuildPhase section */
		135237591ABA209F00D33887 /* Frameworks */ = {
			isa = PBXFrameworksBuildPhase;
			buildActionMask = 2147483647;
			files = (
				8B11F4231BEC502800FE1028 /* libgdal_phone.a in Frameworks */,
				8B11F4241BEC502800FE1028 /* libproj_phone.a in Frameworks */,
				8B11F4201BEC4D5B00FE1028 /* libxml2.tbd in Frameworks */,
				8B11F41E1BEC4D5200FE1028 /* libsqlite3.tbd in Frameworks */,
				8B11F41C1BEC4D4700FE1028 /* libiconv.tbd in Frameworks */,
				8B11F41A1BEC4D3D00FE1028 /* libz.tbd in Frameworks */,
				8B11F4181BEC4D2F00FE1028 /* libstdc++.6.0.9.tbd in Frameworks */,
			);
			runOnlyForDeploymentPostprocessing = 0;
		};
		1352376E1ABA20A100D33887 /* Frameworks */ = {
			isa = PBXFrameworksBuildPhase;
			buildActionMask = 2147483647;
			files = (
			);
			runOnlyForDeploymentPostprocessing = 0;
		};
/* End PBXFrameworksBuildPhase section */

/* Begin PBXGroup section */
		131081301B377DA7002B904A /* gdal-include */ = {
			isa = PBXGroup;
			children = (
				8B11F4211BEC502800FE1028 /* libgdal_phone.a */,
				8B11F4221BEC502800FE1028 /* libproj_phone.a */,
				8B11F41F1BEC4D5B00FE1028 /* libxml2.tbd */,
				8B11F41D1BEC4D5200FE1028 /* libsqlite3.tbd */,
				8B11F41B1BEC4D4700FE1028 /* libiconv.tbd */,
				8B11F4191BEC4D3D00FE1028 /* libz.tbd */,
				8B11F4161BEC4AA800FE1028 /* libstdc++.6.0.9.tbd */,
				131080D51B377559002B904A /* cpl_atomic_ops.h */,
				131080D61B377559002B904A /* cpl_config.h */,
				131080D71B377559002B904A /* cpl_conv.h */,
				131080D81B377559002B904A /* cpl_csv.h */,
				131080D91B377559002B904A /* cpl_error.h */,
				131080DA1B377559002B904A /* cpl_hash_set.h */,
				131080DB1B377559002B904A /* cpl_http.h */,
				131080DC1B377559002B904A /* cpl_list.h */,
				131080DD1B377559002B904A /* cpl_minixml.h */,
				131080DE1B377559002B904A /* cpl_minizip_ioapi.h */,
				131080DF1B377559002B904A /* cpl_minizip_unzip.h */,
				131080E01B377559002B904A /* cpl_minizip_zip.h */,
				131080E11B377559002B904A /* cpl_multiproc.h */,
				131080E21B377559002B904A /* cpl_odbc.h */,
				131080E31B377559002B904A /* cpl_port.h */,
				131080E41B377559002B904A /* cpl_progress.h */,
				131080E51B377559002B904A /* cpl_quad_tree.h */,
				131080E61B377559002B904A /* cpl_spawn.h */,
				131080E71B377559002B904A /* cpl_string.h */,
				131080E81B377559002B904A /* cpl_time.h */,
				131080E91B377559002B904A /* cpl_virtualmem.h */,
				131080EA1B377559002B904A /* cpl_vsi_virtual.h */,
				131080EB1B377559002B904A /* cpl_vsi.h */,
				131080EC1B377559002B904A /* cpl_vsil_curl_priv.h */,
				131080ED1B377559002B904A /* cpl_win32ce_api.h */,
				131080EE1B377559002B904A /* cpl_wince.h */,
				131080EF1B377559002B904A /* cplkeywordparser.h */,
				131080F01B377559002B904A /* gdal_alg_priv.h */,
				131080F11B377559002B904A /* gdal_alg.h */,
				131080F21B377559002B904A /* gdal_csv.h */,
				131080F31B377559002B904A /* gdal_frmts.h */,
				131080F41B377559002B904A /* gdal_pam.h */,
				131080F51B377559002B904A /* gdal_priv.h */,
				131080F61B377559002B904A /* gdal_proxy.h */,
				131080F71B377559002B904A /* gdal_rat.h */,
				131080F81B377559002B904A /* gdal_simplesurf.h */,
				131080F91B377559002B904A /* gdal_version.h */,
				131080FA1B377559002B904A /* gdal_vrt.h */,
				131080FB1B377559002B904A /* gdal.h */,
				131080FC1B377559002B904A /* gdalexif.h */,
				131080FD1B377559002B904A /* gdalgeorefpamdataset.h */,
				131080FE1B377559002B904A /* gdalgrid_priv.h */,
				131080FF1B377559002B904A /* gdalgrid.h */,
				131081001B377559002B904A /* gdaljp2abstractdataset.h */,
				131081011B377559002B904A /* gdaljp2metadata.h */,
				131081021B377559002B904A /* gdalwarper.h */,
				131081031B377559002B904A /* gdalwarpkernel_opencl.h */,
				131081041B377559002B904A /* gvgcpfit.h */,
				131081051B377559002B904A /* memdataset.h */,
				131081061B377559002B904A /* ogr_api.h */,
				131081071B377559002B904A /* ogr_core.h */,
				131081081B377559002B904A /* ogr_feature.h */,
				131081091B377559002B904A /* ogr_featurestyle.h */,
				1310810A1B377559002B904A /* ogr_geocoding.h */,
				1310810B1B377559002B904A /* ogr_geometry.h */,
				1310810C1B377559002B904A /* ogr_p.h */,
				1310810D1B377559002B904A /* ogr_spatialref.h */,
				1310810E1B377559002B904A /* ogr_srs_api.h */,
				1310810F1B377559002B904A /* ogrsf_frmts.h */,
				131081101B377559002B904A /* org_proj4_Projections.h */,
				131081111B377559002B904A /* proj_api.h */,
				131081121B377559002B904A /* rawdataset.h */,
				131081131B377559002B904A /* thinplatespline.h */,
				131081141B377559002B904A /* vrtdataset.h */,
			);
			name = "gdal-include";
			sourceTree = "<group>";
		};
		135237531ABA209E00D33887 = {
			isa = PBXGroup;
			children = (
				8BC19C0C1C0D12EC0047F2AF /* COPYING.txt */,
				1345C4A71AEB08750041D182 /* currentLocation.gpx */,
				8B6C14211BE1A50000D51276 /* us_bounded_compressed_tiled.tif */,
				1352375E1ABA209F00D33887 /* what's what */,
				135237741ABA20A100D33887 /* what's whatTests */,
				1352375D1ABA209F00D33887 /* Products */,
			);
			sourceTree = "<group>";
		};
		1352375D1ABA209F00D33887 /* Products */ = {
			isa = PBXGroup;
			children = (
				1352375C1ABA209F00D33887 /* Locationary.app */,
				135237711ABA20A100D33887 /* LocationaryTests.xctest */,
			);
			name = Products;
			sourceTree = "<group>";
		};
		1352375E1ABA209F00D33887 /* what's what */ = {
			isa = PBXGroup;
			children = (
				135237611ABA20A000D33887 /* AppDelegate.swift */,
				13C9BF9D1AE2C932005EF8D4 /* CaptureSessionManager.swift */,
				13DCD1F61AF44048009993C5 /* Communicator.swift */,
				13A3B9711AC5FC2800FF0202 /* GeonamesCommunicator.swift */,
				13A3B97E1AC6F5F300FF0202 /* GeoNamesJSONParser.swift */,
				13CAEAF91B1D486300D30B6E /* ElevationDataManager.swift */,
				1310811D1B377656002B904A /* CNearbyPointElevationData.h */,
				131A70CC1B1E351E00662FA8 /* GDALWrapper.h */,
				131A70CD1B1E351F00662FA8 /* GDALWrapper.mm */,
				131A70B01B1E2EF900662FA8 /* gdal-Bridging-Header.h */,
				131081261B377B25002B904A /* gdalLocating.cpp */,
				131081271B377B25002B904A /* gdalLocating.h */,
				131081191B377619002B904A /* ObjC+GDAL.h */,
				1310811A1B377619002B904A /* ObjC+GDAL.mm */,
				138B18321ACB6BB200D54ECE /* NearbyPoint.swift */,
				13A3B9761AC6337900FF0202 /* NearbyPointsManager.swift */,
				135237631ABA20A000D33887 /* NearbyPointsViewController.swift */,
				135237651ABA20A000D33887 /* Main.storyboard */,
				135237681ABA20A000D33887 /* Images.xcassets */,
				1352376A1ABA20A000D33887 /* LaunchScreen.xib */,
				131081301B377DA7002B904A /* gdal-include */,
				1315F85A1B5BEC110047006D /* Settings.bundle */,
				1352375F1ABA209F00D33887 /* Supporting Files */,
			);
			path = "what's what";
			sourceTree = "<group>";
		};
		1352375F1ABA209F00D33887 /* Supporting Files */ = {
			isa = PBXGroup;
			children = (
				135237601ABA20A000D33887 /* Info.plist */,
			);
			name = "Supporting Files";
			sourceTree = "<group>";
		};
		135237741ABA20A100D33887 /* what's whatTests */ = {
			isa = PBXGroup;
			children = (
				13C9BFD41AE5AE96005EF8D4 /* AppDelegateTests.swift */,
				13DCD1F91AF440A3009993C5 /* CommunicatorTests.swift */,
				13A3B9731AC5FC8F00FF0202 /* GeonamesCommunicatorTests.swift */,
				131A70491B1E273200662FA8 /* ElevationDataManagerTests.swift */,
				13A3B9851AC7118000FF0202 /* FakeURLResponse.swift */,
				13A3B9831AC7102000FF0202 /* NNGeonamesCommunicator.swift */,
				13DCD1FB1AF4468F009993C5 /* MockCommunicator.swift */,
				1368BDF11AFBAF220094ECD6 /* MockCommunicatorTwo.swift */,
				1310812D1B377C5A002B904A /* MockDoubleTap.swift */,
				132F2C441AC8E6D80071266F /* MockGeonamesCommunicator.swift */,
				13CAEAF61B1CD0E800D30B6E /* MockNearbyPointElevationData.swift */,
				13CAEAFC1B1DFB6C00D30B6E /* MockElevationDataManager.swift */,
				13A3B97B1AC638A100FF0202 /* MockNearbyPointsManager.swift */,
				1310812A1B377BF7002B904A /* MockNearbyPointsManagerTwo.swift */,
				132F2C461AC901C50071266F /* MockNearbyPointsManagerDelegate.swift */,
				136A0F0F1AE96EC000ED1D69 /* MockNearbyPointsViewController.swift */,
				136CCE321AF2BBE200C74B8F /* MockPoint.swift */,
				138B182E1AC9C10100D54ECE /* MockParser.swift */,
				13A3B9781AC633AD00FF0202 /* NearbyPointsManagerTests.swift */,
				138B18381ACB79B000D54ECE /* NearbyPointClassTests.swift */,
				139E8BA41ACD95F000C4C7E5 /* NearbyPointsViewControllerTests.swift */,
				13047C041ACEF37900BD13E8 /* MockHeading.swift */,
				132F2C421AC762700071266F /* ParserTests.swift */,
				135237751ABA20A100D33887 /* Supporting Files */,
			);
			path = "what's whatTests";
			sourceTree = "<group>";
		};
		135237751ABA20A100D33887 /* Supporting Files */ = {
			isa = PBXGroup;
			children = (
				135237761ABA20A100D33887 /* Info.plist */,
			);
			name = "Supporting Files";
			sourceTree = "<group>";
		};
/* End PBXGroup section */

/* Begin PBXNativeTarget section */
		1352375B1ABA209F00D33887 /* Locationary */ = {
			isa = PBXNativeTarget;
			buildConfigurationList = 1352377B1ABA20A100D33887 /* Build configuration list for PBXNativeTarget "Locationary" */;
			buildPhases = (
				135237581ABA209F00D33887 /* Sources */,
				135237591ABA209F00D33887 /* Frameworks */,
				1352375A1ABA209F00D33887 /* Resources */,
			);
			buildRules = (
			);
			dependencies = (
			);
			name = Locationary;
			productName = "what's what";
			productReference = 1352375C1ABA209F00D33887 /* Locationary.app */;
			productType = "com.apple.product-type.application";
		};
		135237701ABA20A100D33887 /* LocationaryTests */ = {
			isa = PBXNativeTarget;
			buildConfigurationList = 1352377E1ABA20A100D33887 /* Build configuration list for PBXNativeTarget "LocationaryTests" */;
			buildPhases = (
				1352376D1ABA20A100D33887 /* Sources */,
				1352376E1ABA20A100D33887 /* Frameworks */,
				1352376F1ABA20A100D33887 /* Resources */,
			);
			buildRules = (
			);
			dependencies = (
				135237731ABA20A100D33887 /* PBXTargetDependency */,
			);
			name = LocationaryTests;
			productName = "what's whatTests";
			productReference = 135237711ABA20A100D33887 /* LocationaryTests.xctest */;
			productType = "com.apple.product-type.bundle.unit-test";
		};
/* End PBXNativeTarget section */

/* Begin PBXProject section */
		135237541ABA209E00D33887 /* Project object */ = {
			isa = PBXProject;
			attributes = {
				LastSwiftUpdateCheck = 0700;
				LastUpgradeCheck = 0710;
				ORGANIZATIONNAME = johnnylaw;
				TargetAttributes = {
					1352375B1ABA209F00D33887 = {
						CreatedOnToolsVersion = 6.2;
						DevelopmentTeam = 96P47M429U;
						SystemCapabilities = {
							com.apple.Maps.iOS = {
								enabled = 0;
							};
						};
					};
					135237701ABA20A100D33887 = {
						CreatedOnToolsVersion = 6.2;
						DevelopmentTeam = 96P47M429U;
						TestTargetID = 1352375B1ABA209F00D33887;
					};
				};
			};
			buildConfigurationList = 135237571ABA209E00D33887 /* Build configuration list for PBXProject "Locationary" */;
			compatibilityVersion = "Xcode 3.2";
			developmentRegion = English;
			hasScannedForEncodings = 0;
			knownRegions = (
				en,
				Base,
			);
			mainGroup = 135237531ABA209E00D33887;
			productRefGroup = 1352375D1ABA209F00D33887 /* Products */;
			projectDirPath = "";
			projectRoot = "";
			targets = (
				1352375B1ABA209F00D33887 /* Locationary */,
				135237701ABA20A100D33887 /* LocationaryTests */,
			);
		};
/* End PBXProject section */

/* Begin PBXResourcesBuildPhase section */
		1352375A1ABA209F00D33887 /* Resources */ = {
			isa = PBXResourcesBuildPhase;
			buildActionMask = 2147483647;
			files = (
				8BC19C0D1C0D12EC0047F2AF /* COPYING.txt in Resources */,
				135237671ABA20A000D33887 /* Main.storyboard in Resources */,
				1352376C1ABA20A000D33887 /* LaunchScreen.xib in Resources */,
				135237691ABA20A000D33887 /* Images.xcassets in Resources */,
				8B6C14221BE1A50000D51276 /* us_bounded_compressed_tiled.tif in Resources */,
				1315F85B1B5BEC110047006D /* Settings.bundle in Resources */,
			);
			runOnlyForDeploymentPostprocessing = 0;
		};
		1352376F1ABA20A100D33887 /* Resources */ = {
			isa = PBXResourcesBuildPhase;
			buildActionMask = 2147483647;
			files = (
			);
			runOnlyForDeploymentPostprocessing = 0;
		};
/* End PBXResourcesBuildPhase section */

/* Begin PBXSourcesBuildPhase section */
		135237581ABA209F00D33887 /* Sources */ = {
			isa = PBXSourcesBuildPhase;
			buildActionMask = 2147483647;
			files = (
				1310812B1B377BF7002B904A /* MockNearbyPointsManagerTwo.swift in Sources */,
				13DCD1F71AF44048009993C5 /* Communicator.swift in Sources */,
				13CAEAF81B1CD3FC00D30B6E /* MockNearbyPointElevationData.swift in Sources */,
				13A3B9721AC5FC2800FF0202 /* GeonamesCommunicator.swift in Sources */,
				13CAEAFA1B1D486300D30B6E /* ElevationDataManager.swift in Sources */,
				13C9BF9E1AE2C933005EF8D4 /* CaptureSessionManager.swift in Sources */,
				13A3B9771AC6337900FF0202 /* NearbyPointsManager.swift in Sources */,
				13A3B97F1AC6F5F300FF0202 /* GeoNamesJSONParser.swift in Sources */,
				1310811B1B377619002B904A /* ObjC+GDAL.mm in Sources */,
				131080BC1B370EDF002B904A /* MockPoint.swift in Sources */,
				138B18331ACB6BB300D54ECE /* NearbyPoint.swift in Sources */,
				131A70CE1B1E351F00662FA8 /* GDALWrapper.mm in Sources */,
				135237641ABA20A000D33887 /* NearbyPointsViewController.swift in Sources */,
				135237621ABA20A000D33887 /* AppDelegate.swift in Sources */,
				131081281B377B25002B904A /* gdalLocating.cpp in Sources */,
				13CAEAFE1B1DFBA900D30B6E /* MockElevationDataManager.swift in Sources */,
				1310812E1B377C5A002B904A /* MockDoubleTap.swift in Sources */,
			);
			runOnlyForDeploymentPostprocessing = 0;
		};
		1352376D1ABA20A100D33887 /* Sources */ = {
			isa = PBXSourcesBuildPhase;
			buildActionMask = 2147483647;
			files = (
				1368BDF21AFBAF220094ECD6 /* MockCommunicatorTwo.swift in Sources */,
				13DCD1FA1AF440A3009993C5 /* CommunicatorTests.swift in Sources */,
				13DCD1FC1AF4468F009993C5 /* MockCommunicator.swift in Sources */,
				13A3B97C1AC638A100FF0202 /* MockNearbyPointsManager.swift in Sources */,
				13047C051ACEF37900BD13E8 /* MockHeading.swift in Sources */,
				13A3B9861AC7118000FF0202 /* FakeURLResponse.swift in Sources */,
				1310812C1B377BF7002B904A /* MockNearbyPointsManagerTwo.swift in Sources */,
				13A3B9841AC7102000FF0202 /* NNGeonamesCommunicator.swift in Sources */,
				131A704A1B1E273200662FA8 /* ElevationDataManagerTests.swift in Sources */,
				13A3B9801AC707BA00FF0202 /* GeonamesCommunicator.swift in Sources */,
				131A70C91B1E33B000662FA8 /* ElevationDataManager.swift in Sources */,
				136A0F101AE96EC000ED1D69 /* MockNearbyPointsViewController.swift in Sources */,
				1310811C1B377619002B904A /* ObjC+GDAL.mm in Sources */,
				13A3B9741AC5FC8F00FF0202 /* GeonamesCommunicatorTests.swift in Sources */,
				13A3B9811AC70A1200FF0202 /* NearbyPointsManager.swift in Sources */,
				138B182F1AC9C10100D54ECE /* MockParser.swift in Sources */,
				131A70D11B1E45B600662FA8 /* GDALWrapper.mm in Sources */,
				13CAEAFD1B1DFB6C00D30B6E /* MockElevationDataManager.swift in Sources */,
				13C9BFD51AE5AE9A005EF8D4 /* AppDelegateTests.swift in Sources */,
				13DCD1F81AF4406E009993C5 /* Communicator.swift in Sources */,
				13CAEAF71B1CD0E900D30B6E /* MockNearbyPointElevationData.swift in Sources */,
				138B18361ACB758700D54ECE /* NearbyPoint.swift in Sources */,
				1310812F1B377C5A002B904A /* MockDoubleTap.swift in Sources */,
				13A3B9791AC633AD00FF0202 /* NearbyPointsManagerTests.swift in Sources */,
				138B18391ACB79B000D54ECE /* NearbyPointClassTests.swift in Sources */,
				132F2C451AC8E6D80071266F /* MockGeonamesCommunicator.swift in Sources */,
				13A3B9821AC70A2300FF0202 /* GeoNamesJSONParser.swift in Sources */,
				132F2C471AC901C50071266F /* MockNearbyPointsManagerDelegate.swift in Sources */,
				139E8BA51ACD95F000C4C7E5 /* NearbyPointsViewControllerTests.swift in Sources */,
				136CCE331AF2BBE200C74B8F /* MockPoint.swift in Sources */,
				131081291B377B25002B904A /* gdalLocating.cpp in Sources */,
				139E8BA31ACC907D00C4C7E5 /* NearbyPointsViewController.swift in Sources */,
				132F2C431AC762710071266F /* ParserTests.swift in Sources */,
				13C9BF9F1AE2CEF2005EF8D4 /* CaptureSessionManager.swift in Sources */,
				13C9BFD61AE5B111005EF8D4 /* AppDelegate.swift in Sources */,
			);
			runOnlyForDeploymentPostprocessing = 0;
		};
/* End PBXSourcesBuildPhase section */

/* Begin PBXTargetDependency section */
		135237731ABA20A100D33887 /* PBXTargetDependency */ = {
			isa = PBXTargetDependency;
			target = 1352375B1ABA209F00D33887 /* Locationary */;
			targetProxy = 135237721ABA20A100D33887 /* PBXContainerItemProxy */;
		};
/* End PBXTargetDependency section */

/* Begin PBXVariantGroup section */
		135237651ABA20A000D33887 /* Main.storyboard */ = {
			isa = PBXVariantGroup;
			children = (
				135237661ABA20A000D33887 /* Base */,
			);
			name = Main.storyboard;
			sourceTree = "<group>";
		};
		1352376A1ABA20A000D33887 /* LaunchScreen.xib */ = {
			isa = PBXVariantGroup;
			children = (
				1352376B1ABA20A000D33887 /* Base */,
			);
			name = LaunchScreen.xib;
			sourceTree = "<group>";
		};
/* End PBXVariantGroup section */

/* Begin XCBuildConfiguration section */
		135237791ABA20A100D33887 /* Debug */ = {
			isa = XCBuildConfiguration;
			buildSettings = {
				ALWAYS_SEARCH_USER_PATHS = NO;
				CLANG_CXX_LANGUAGE_STANDARD = "gnu++0x";
				CLANG_CXX_LIBRARY = "libc++";
				CLANG_ENABLE_MODULES = YES;
				CLANG_ENABLE_OBJC_ARC = YES;
				CLANG_WARN_BOOL_CONVERSION = YES;
				CLANG_WARN_CONSTANT_CONVERSION = YES;
				CLANG_WARN_DIRECT_OBJC_ISA_USAGE = YES_ERROR;
				CLANG_WARN_EMPTY_BODY = YES;
				CLANG_WARN_ENUM_CONVERSION = YES;
				CLANG_WARN_INT_CONVERSION = YES;
				CLANG_WARN_OBJC_ROOT_CLASS = YES_ERROR;
				CLANG_WARN_UNREACHABLE_CODE = YES;
				CLANG_WARN__DUPLICATE_METHOD_MATCH = YES;
				CODE_SIGN_IDENTITY = "iPhone Developer: John Lawlor (28NLM6SMKU)";
				"CODE_SIGN_IDENTITY[sdk=iphoneos*]" = "iPhone Developer";
				COPY_PHASE_STRIP = NO;
				ENABLE_BITCODE = NO;
				ENABLE_STRICT_OBJC_MSGSEND = YES;
				ENABLE_TESTABILITY = YES;
				GCC_C_LANGUAGE_STANDARD = gnu99;
				GCC_DYNAMIC_NO_PIC = NO;
				GCC_OPTIMIZATION_LEVEL = 0;
				GCC_PREPROCESSOR_DEFINITIONS = (
					"DEBUG=1",
					"$(inherited)",
				);
				GCC_SYMBOLS_PRIVATE_EXTERN = NO;
				GCC_WARN_64_TO_32_BIT_CONVERSION = YES;
				GCC_WARN_ABOUT_RETURN_TYPE = YES_ERROR;
				GCC_WARN_UNDECLARED_SELECTOR = YES;
				GCC_WARN_UNINITIALIZED_AUTOS = YES_AGGRESSIVE;
				GCC_WARN_UNUSED_FUNCTION = YES;
				GCC_WARN_UNUSED_VARIABLE = YES;
				IPHONEOS_DEPLOYMENT_TARGET = 8.3;
				MTL_ENABLE_DEBUG_INFO = YES;
				ONLY_ACTIVE_ARCH = YES;
				SDKROOT = iphoneos;
				SWIFT_OBJC_BRIDGING_HEADER = "what's what/gdal-Bridging-Header.h";
				SWIFT_OPTIMIZATION_LEVEL = "-Onone";
			};
			name = Debug;
		};
		1352377A1ABA20A100D33887 /* Release */ = {
			isa = XCBuildConfiguration;
			buildSettings = {
				ALWAYS_SEARCH_USER_PATHS = NO;
				CLANG_CXX_LANGUAGE_STANDARD = "gnu++0x";
				CLANG_CXX_LIBRARY = "libc++";
				CLANG_ENABLE_MODULES = YES;
				CLANG_ENABLE_OBJC_ARC = YES;
				CLANG_WARN_BOOL_CONVERSION = YES;
				CLANG_WARN_CONSTANT_CONVERSION = YES;
				CLANG_WARN_DIRECT_OBJC_ISA_USAGE = YES_ERROR;
				CLANG_WARN_EMPTY_BODY = YES;
				CLANG_WARN_ENUM_CONVERSION = YES;
				CLANG_WARN_INT_CONVERSION = YES;
				CLANG_WARN_OBJC_ROOT_CLASS = YES_ERROR;
				CLANG_WARN_UNREACHABLE_CODE = YES;
				CLANG_WARN__DUPLICATE_METHOD_MATCH = YES;
				CODE_SIGN_IDENTITY = "iPhone Developer: John Lawlor (28NLM6SMKU)";
				"CODE_SIGN_IDENTITY[sdk=iphoneos*]" = "iPhone Developer";
				COPY_PHASE_STRIP = NO;
				ENABLE_BITCODE = NO;
				ENABLE_NS_ASSERTIONS = NO;
				ENABLE_STRICT_OBJC_MSGSEND = YES;
				GCC_C_LANGUAGE_STANDARD = gnu99;
				GCC_WARN_64_TO_32_BIT_CONVERSION = YES;
				GCC_WARN_ABOUT_RETURN_TYPE = YES_ERROR;
				GCC_WARN_UNDECLARED_SELECTOR = YES;
				GCC_WARN_UNINITIALIZED_AUTOS = YES_AGGRESSIVE;
				GCC_WARN_UNUSED_FUNCTION = YES;
				GCC_WARN_UNUSED_VARIABLE = YES;
				IPHONEOS_DEPLOYMENT_TARGET = 8.3;
				MTL_ENABLE_DEBUG_INFO = NO;
				SDKROOT = iphoneos;
				SWIFT_OBJC_BRIDGING_HEADER = "what's what/gdal-Bridging-Header.h";
				VALIDATE_PRODUCT = YES;
			};
			name = Release;
		};
		1352377C1ABA20A100D33887 /* Debug */ = {
			isa = XCBuildConfiguration;
			buildSettings = {
				ASSETCATALOG_COMPILER_APPICON_NAME = AppIcon;
				CLANG_ENABLE_MODULES = YES;
				CODE_SIGN_IDENTITY = "iPhone Developer";
				"CODE_SIGN_IDENTITY[sdk=iphoneos*]" = "iPhone Developer";
				HEADER_SEARCH_PATHS = (
					"$(inherited)",
					/Applications/Xcode.app/Contents/Developer/Toolchains/XcodeDefault.xctoolchain/usr/include,
					"$(SRCROOT)/what's what/gdal-include",
				);
				INFOPLIST_FILE = "what's what/Info.plist";
				IPHONEOS_DEPLOYMENT_TARGET = 8.3;
				LD_RUNPATH_SEARCH_PATHS = "$(inherited) @executable_path/Frameworks";
				LIBRARY_SEARCH_PATHS = /Users/john.lawlor/Dropbox/John/iOS/gdal_scripts/install_64;
				PRODUCT_BUNDLE_IDENTIFIER = "com.dmajor.$(PRODUCT_NAME:rfc1034identifier)";
				PRODUCT_NAME = Locationary;
				PROVISIONING_PROFILE = "";
				SWIFT_OBJC_BRIDGING_HEADER = "what's what/gdal-Bridging-Header.h";
				SWIFT_OPTIMIZATION_LEVEL = "-Onone";
			};
			name = Debug;
		};
		1352377D1ABA20A100D33887 /* Release */ = {
			isa = XCBuildConfiguration;
			buildSettings = {
				ASSETCATALOG_COMPILER_APPICON_NAME = AppIcon;
				CLANG_ENABLE_MODULES = YES;
				CODE_SIGN_IDENTITY = "iPhone Developer";
				"CODE_SIGN_IDENTITY[sdk=iphoneos*]" = "iPhone Developer";
				HEADER_SEARCH_PATHS = (
					"$(inherited)",
					/Applications/Xcode.app/Contents/Developer/Toolchains/XcodeDefault.xctoolchain/usr/include,
					"$(SRCROOT)/what's what/gdal-include",
				);
				INFOPLIST_FILE = "what's what/Info.plist";
				IPHONEOS_DEPLOYMENT_TARGET = 8.3;
				LD_RUNPATH_SEARCH_PATHS = "$(inherited) @executable_path/Frameworks";
				LIBRARY_SEARCH_PATHS = /Users/john.lawlor/Dropbox/John/iOS/gdal_scripts/install_64;
				PRODUCT_BUNDLE_IDENTIFIER = "com.dmajor.$(PRODUCT_NAME:rfc1034identifier)";
				PRODUCT_NAME = Locationary;
				PROVISIONING_PROFILE = "";
				SWIFT_OBJC_BRIDGING_HEADER = "what's what/gdal-Bridging-Header.h";
			};
			name = Release;
		};
		1352377F1ABA20A100D33887 /* Debug */ = {
			isa = XCBuildConfiguration;
			buildSettings = {
				BUNDLE_LOADER = "$(TEST_HOST)";
				CODE_SIGN_IDENTITY = "iPhone Developer: John Lawlor (28NLM6SMKU)";
				"CODE_SIGN_IDENTITY[sdk=iphoneos*]" = "iPhone Developer: John Lawlor (28NLM6SMKU)";
				FRAMEWORK_SEARCH_PATHS = (
					"$(SDKROOT)/Developer/Library/Frameworks",
					"$(inherited)",
				);
				GCC_PREPROCESSOR_DEFINITIONS = (
					"DEBUG=1",
					"$(inherited)",
				);
				INFOPLIST_FILE = "what's whatTests/Info.plist";
				LD_RUNPATH_SEARCH_PATHS = "$(inherited) @executable_path/Frameworks @loader_path/Frameworks";
				LIBRARY_SEARCH_PATHS = (
					"$(inherited)",
					/Users/johnlawlor/projects/gdal_scripts/install_64/x86_64/iphonesimulator8.3.sdk/lib,
				);
				PRODUCT_BUNDLE_IDENTIFIER = "com.dmajor.$(PRODUCT_NAME:rfc1034identifier)";
				PRODUCT_NAME = LocationaryTests;
				PROVISIONING_PROFILE = "";
				SWIFT_OBJC_BRIDGING_HEADER = "what's what/gdal-Bridging-Header.h";
				TEST_HOST = "$(BUILT_PRODUCTS_DIR)/Locationary.app/Locationary";
			};
			name = Debug;
		};
		135237801ABA20A100D33887 /* Release */ = {
			isa = XCBuildConfiguration;
			buildSettings = {
				BUNDLE_LOADER = "$(TEST_HOST)";
				CODE_SIGN_IDENTITY = "iPhone Developer: John Lawlor (28NLM6SMKU)";
				"CODE_SIGN_IDENTITY[sdk=iphoneos*]" = "iPhone Developer";
				FRAMEWORK_SEARCH_PATHS = (
					"$(SDKROOT)/Developer/Library/Frameworks",
					"$(inherited)",
				);
				INFOPLIST_FILE = "what's whatTests/Info.plist";
				LD_RUNPATH_SEARCH_PATHS = "$(inherited) @executable_path/Frameworks @loader_path/Frameworks";
				LIBRARY_SEARCH_PATHS = (
					"$(inherited)",
					/Users/johnlawlor/projects/gdal_scripts/install_64/x86_64/iphonesimulator8.3.sdk/lib,
				);
				PRODUCT_BUNDLE_IDENTIFIER = "com.dmajor.$(PRODUCT_NAME:rfc1034identifier)";
				PRODUCT_NAME = LocationaryTests;
				PROVISIONING_PROFILE = "";
				SWIFT_OBJC_BRIDGING_HEADER = "what's what/gdal-Bridging-Header.h";
				TEST_HOST = "$(BUILT_PRODUCTS_DIR)/Locationary.app/Locationary";
			};
			name = Release;
		};
/* End XCBuildConfiguration section */

/* Begin XCConfigurationList section */
		135237571ABA209E00D33887 /* Build configuration list for PBXProject "Locationary" */ = {
			isa = XCConfigurationList;
			buildConfigurations = (
				135237791ABA20A100D33887 /* Debug */,
				1352377A1ABA20A100D33887 /* Release */,
			);
			defaultConfigurationIsVisible = 0;
			defaultConfigurationName = Release;
		};
		1352377B1ABA20A100D33887 /* Build configuration list for PBXNativeTarget "Locationary" */ = {
			isa = XCConfigurationList;
			buildConfigurations = (
				1352377C1ABA20A100D33887 /* Debug */,
				1352377D1ABA20A100D33887 /* Release */,
			);
			defaultConfigurationIsVisible = 0;
			defaultConfigurationName = Release;
		};
		1352377E1ABA20A100D33887 /* Build configuration list for PBXNativeTarget "LocationaryTests" */ = {
			isa = XCConfigurationList;
			buildConfigurations = (
				1352377F1ABA20A100D33887 /* Debug */,
				135237801ABA20A100D33887 /* Release */,
			);
			defaultConfigurationIsVisible = 0;
			defaultConfigurationName = Release;
		};
/* End XCConfigurationList section */
	};
	rootObject = 135237541ABA209E00D33887 /* Project object */;
}
