// !$*UTF8*$!
{
	archiveVersion = 1;
	classes = {
	};
	objectVersion = 46;
	objects = {

/* Begin PBXBuildFile section */
		13047C051ACEF37900BD13E8 /* MockHeading.swift in Sources */ = {isa = PBXBuildFile; fileRef = 13047C041ACEF37900BD13E8 /* MockHeading.swift */; };
		131A704A1B1E273200662FA8 /* ElevationDataManagerTests.swift in Sources */ = {isa = PBXBuildFile; fileRef = 131A70491B1E273200662FA8 /* ElevationDataManagerTests.swift */; };
		131A704E1B1E27C300662FA8 /* gdalInterface.cpp in Sources */ = {isa = PBXBuildFile; fileRef = 131A704C1B1E27C300662FA8 /* gdalInterface.cpp */; };
		131A70BC1B1E320900662FA8 /* libxml2.dylib in Frameworks */ = {isa = PBXBuildFile; fileRef = 131A70BB1B1E320900662FA8 /* libxml2.dylib */; };
		131A70BE1B1E321F00662FA8 /* libc++.dylib in Frameworks */ = {isa = PBXBuildFile; fileRef = 131A70BD1B1E321F00662FA8 /* libc++.dylib */; };
		131A70C01B1E322900662FA8 /* libc.dylib in Frameworks */ = {isa = PBXBuildFile; fileRef = 131A70BF1B1E322900662FA8 /* libc.dylib */; };
		131A70C21B1E323100662FA8 /* libsqlite3.dylib in Frameworks */ = {isa = PBXBuildFile; fileRef = 131A70C11B1E323100662FA8 /* libsqlite3.dylib */; };
		131A70C41B1E323B00662FA8 /* libiconv.dylib in Frameworks */ = {isa = PBXBuildFile; fileRef = 131A70C31B1E323B00662FA8 /* libiconv.dylib */; };
		131A70C61B1E324300662FA8 /* libz.dylib in Frameworks */ = {isa = PBXBuildFile; fileRef = 131A70C51B1E324300662FA8 /* libz.dylib */; };
		131A70C81B1E324C00662FA8 /* libstdc++.dylib in Frameworks */ = {isa = PBXBuildFile; fileRef = 131A70C71B1E324C00662FA8 /* libstdc++.dylib */; };
		131A70C91B1E33B000662FA8 /* ElevationDataManager.swift in Sources */ = {isa = PBXBuildFile; fileRef = 13CAEAF91B1D486300D30B6E /* ElevationDataManager.swift */; };
		131A70CB1B1E33B800662FA8 /* gdalInterface.cpp in Sources */ = {isa = PBXBuildFile; fileRef = 131A704C1B1E27C300662FA8 /* gdalInterface.cpp */; };
		131A70CE1B1E351F00662FA8 /* GDALWrapper.mm in Sources */ = {isa = PBXBuildFile; fileRef = 131A70CD1B1E351F00662FA8 /* GDALWrapper.mm */; };
		131A70D11B1E45B600662FA8 /* GDALWrapper.mm in Sources */ = {isa = PBXBuildFile; fileRef = 131A70CD1B1E351F00662FA8 /* GDALWrapper.mm */; };
		131A70D91B1E606300662FA8 /* us_150max_bounding.tif in Resources */ = {isa = PBXBuildFile; fileRef = 131A70D81B1E606300662FA8 /* us_150max_bounding.tif */; };
		131A70E31B1F3EF800662FA8 /* MockNearbyPointsManagerTwo.swift in Sources */ = {isa = PBXBuildFile; fileRef = 131A70E21B1F3EF800662FA8 /* MockNearbyPointsManagerTwo.swift */; };
		132F2C431AC762710071266F /* ParserTests.swift in Sources */ = {isa = PBXBuildFile; fileRef = 132F2C421AC762700071266F /* ParserTests.swift */; };
		132F2C451AC8E6D80071266F /* MockGeonamesCommunicator.swift in Sources */ = {isa = PBXBuildFile; fileRef = 132F2C441AC8E6D80071266F /* MockGeonamesCommunicator.swift */; };
		132F2C471AC901C50071266F /* MockNearbyPointsManagerDelegate.swift in Sources */ = {isa = PBXBuildFile; fileRef = 132F2C461AC901C50071266F /* MockNearbyPointsManagerDelegate.swift */; };
		1345C4A81AEB08750041D182 /* currentLocation.gpx in Resources */ = {isa = PBXBuildFile; fileRef = 1345C4A71AEB08750041D182 /* currentLocation.gpx */; };
		135237621ABA20A000D33887 /* AppDelegate.swift in Sources */ = {isa = PBXBuildFile; fileRef = 135237611ABA20A000D33887 /* AppDelegate.swift */; };
		135237641ABA20A000D33887 /* NearbyPointsViewController.swift in Sources */ = {isa = PBXBuildFile; fileRef = 135237631ABA20A000D33887 /* NearbyPointsViewController.swift */; };
		135237671ABA20A000D33887 /* Main.storyboard in Resources */ = {isa = PBXBuildFile; fileRef = 135237651ABA20A000D33887 /* Main.storyboard */; };
		135237691ABA20A000D33887 /* Images.xcassets in Resources */ = {isa = PBXBuildFile; fileRef = 135237681ABA20A000D33887 /* Images.xcassets */; };
		1352376C1ABA20A000D33887 /* LaunchScreen.xib in Resources */ = {isa = PBXBuildFile; fileRef = 1352376A1ABA20A000D33887 /* LaunchScreen.xib */; };
		1352546E1B208CA200DBEADA /* libgdal.a in Frameworks */ = {isa = PBXBuildFile; fileRef = 1352546C1B208CA200DBEADA /* libgdal.a */; };
		1352546F1B208CA200DBEADA /* libproj.a in Frameworks */ = {isa = PBXBuildFile; fileRef = 1352546D1B208CA200DBEADA /* libproj.a */; };
		135254711B20CF3300DBEADA /* MockDoubleTap.swift in Sources */ = {isa = PBXBuildFile; fileRef = 135254701B20CF3200DBEADA /* MockDoubleTap.swift */; };
		1368BDF21AFBAF220094ECD6 /* MockCommunicatorTwo.swift in Sources */ = {isa = PBXBuildFile; fileRef = 1368BDF11AFBAF220094ECD6 /* MockCommunicatorTwo.swift */; };
		136A0F101AE96EC000ED1D69 /* MockNearbyPointsViewController.swift in Sources */ = {isa = PBXBuildFile; fileRef = 136A0F0F1AE96EC000ED1D69 /* MockNearbyPointsViewController.swift */; };
		136CCE331AF2BBE200C74B8F /* MockPoint.swift in Sources */ = {isa = PBXBuildFile; fileRef = 136CCE321AF2BBE200C74B8F /* MockPoint.swift */; };
		138B182F1AC9C10100D54ECE /* MockParser.swift in Sources */ = {isa = PBXBuildFile; fileRef = 138B182E1AC9C10100D54ECE /* MockParser.swift */; };
		138B18331ACB6BB300D54ECE /* NearbyPoint.swift in Sources */ = {isa = PBXBuildFile; fileRef = 138B18321ACB6BB200D54ECE /* NearbyPoint.swift */; };
		138B18361ACB758700D54ECE /* NearbyPoint.swift in Sources */ = {isa = PBXBuildFile; fileRef = 138B18321ACB6BB200D54ECE /* NearbyPoint.swift */; };
		138B18391ACB79B000D54ECE /* NearbyPointClassTests.swift in Sources */ = {isa = PBXBuildFile; fileRef = 138B18381ACB79B000D54ECE /* NearbyPointClassTests.swift */; };
		139E8BA31ACC907D00C4C7E5 /* NearbyPointsViewController.swift in Sources */ = {isa = PBXBuildFile; fileRef = 135237631ABA20A000D33887 /* NearbyPointsViewController.swift */; };
		139E8BA51ACD95F000C4C7E5 /* NearbyPointsViewControllerTests.swift in Sources */ = {isa = PBXBuildFile; fileRef = 139E8BA41ACD95F000C4C7E5 /* NearbyPointsViewControllerTests.swift */; };
		13A3B9721AC5FC2800FF0202 /* GeonamesCommunicator.swift in Sources */ = {isa = PBXBuildFile; fileRef = 13A3B9711AC5FC2800FF0202 /* GeonamesCommunicator.swift */; };
		13A3B9741AC5FC8F00FF0202 /* GeonamesCommunicatorTests.swift in Sources */ = {isa = PBXBuildFile; fileRef = 13A3B9731AC5FC8F00FF0202 /* GeonamesCommunicatorTests.swift */; };
		13A3B9771AC6337900FF0202 /* NearbyPointsManager.swift in Sources */ = {isa = PBXBuildFile; fileRef = 13A3B9761AC6337900FF0202 /* NearbyPointsManager.swift */; };
		13A3B9791AC633AD00FF0202 /* NearbyPointsManagerTests.swift in Sources */ = {isa = PBXBuildFile; fileRef = 13A3B9781AC633AD00FF0202 /* NearbyPointsManagerTests.swift */; };
		13A3B97C1AC638A100FF0202 /* MockNearbyPointsManager.swift in Sources */ = {isa = PBXBuildFile; fileRef = 13A3B97B1AC638A100FF0202 /* MockNearbyPointsManager.swift */; };
		13A3B97F1AC6F5F300FF0202 /* GeoNamesJSONParser.swift in Sources */ = {isa = PBXBuildFile; fileRef = 13A3B97E1AC6F5F300FF0202 /* GeoNamesJSONParser.swift */; };
		13A3B9801AC707BA00FF0202 /* GeonamesCommunicator.swift in Sources */ = {isa = PBXBuildFile; fileRef = 13A3B9711AC5FC2800FF0202 /* GeonamesCommunicator.swift */; };
		13A3B9811AC70A1200FF0202 /* NearbyPointsManager.swift in Sources */ = {isa = PBXBuildFile; fileRef = 13A3B9761AC6337900FF0202 /* NearbyPointsManager.swift */; };
		13A3B9821AC70A2300FF0202 /* GeoNamesJSONParser.swift in Sources */ = {isa = PBXBuildFile; fileRef = 13A3B97E1AC6F5F300FF0202 /* GeoNamesJSONParser.swift */; };
		13A3B9841AC7102000FF0202 /* NNGeonamesCommunicator.swift in Sources */ = {isa = PBXBuildFile; fileRef = 13A3B9831AC7102000FF0202 /* NNGeonamesCommunicator.swift */; };
		13A3B9861AC7118000FF0202 /* FakeURLResponse.swift in Sources */ = {isa = PBXBuildFile; fileRef = 13A3B9851AC7118000FF0202 /* FakeURLResponse.swift */; };
		13C9BF9E1AE2C933005EF8D4 /* CaptureSessionManager.swift in Sources */ = {isa = PBXBuildFile; fileRef = 13C9BF9D1AE2C932005EF8D4 /* CaptureSessionManager.swift */; };
		13C9BF9F1AE2CEF2005EF8D4 /* CaptureSessionManager.swift in Sources */ = {isa = PBXBuildFile; fileRef = 13C9BF9D1AE2C932005EF8D4 /* CaptureSessionManager.swift */; };
		13C9BFD51AE5AE9A005EF8D4 /* AppDelegateTests.swift in Sources */ = {isa = PBXBuildFile; fileRef = 13C9BFD41AE5AE96005EF8D4 /* AppDelegateTests.swift */; };
		13C9BFD61AE5B111005EF8D4 /* AppDelegate.swift in Sources */ = {isa = PBXBuildFile; fileRef = 135237611ABA20A000D33887 /* AppDelegate.swift */; };
		13CAEAF71B1CD0E900D30B6E /* MockNearbyPointElevationData.swift in Sources */ = {isa = PBXBuildFile; fileRef = 13CAEAF61B1CD0E800D30B6E /* MockNearbyPointElevationData.swift */; };
		13CAEAF81B1CD3FC00D30B6E /* MockNearbyPointElevationData.swift in Sources */ = {isa = PBXBuildFile; fileRef = 13CAEAF61B1CD0E800D30B6E /* MockNearbyPointElevationData.swift */; };
		13CAEAFA1B1D486300D30B6E /* ElevationDataManager.swift in Sources */ = {isa = PBXBuildFile; fileRef = 13CAEAF91B1D486300D30B6E /* ElevationDataManager.swift */; };
		13CAEAFD1B1DFB6C00D30B6E /* MockElevationDataManager.swift in Sources */ = {isa = PBXBuildFile; fileRef = 13CAEAFC1B1DFB6C00D30B6E /* MockElevationDataManager.swift */; };
		13CAEAFE1B1DFBA900D30B6E /* MockElevationDataManager.swift in Sources */ = {isa = PBXBuildFile; fileRef = 13CAEAFC1B1DFB6C00D30B6E /* MockElevationDataManager.swift */; };
		13DCD1F71AF44048009993C5 /* Communicator.swift in Sources */ = {isa = PBXBuildFile; fileRef = 13DCD1F61AF44048009993C5 /* Communicator.swift */; };
		13DCD1F81AF4406E009993C5 /* Communicator.swift in Sources */ = {isa = PBXBuildFile; fileRef = 13DCD1F61AF44048009993C5 /* Communicator.swift */; };
		13DCD1FA1AF440A3009993C5 /* CommunicatorTests.swift in Sources */ = {isa = PBXBuildFile; fileRef = 13DCD1F91AF440A3009993C5 /* CommunicatorTests.swift */; };
		13DCD1FC1AF4468F009993C5 /* MockCommunicator.swift in Sources */ = {isa = PBXBuildFile; fileRef = 13DCD1FB1AF4468F009993C5 /* MockCommunicator.swift */; };
/* End PBXBuildFile section */

/* Begin PBXContainerItemProxy section */
		135237721ABA20A100D33887 /* PBXContainerItemProxy */ = {
			isa = PBXContainerItemProxy;
			containerPortal = 135237541ABA209E00D33887 /* Project object */;
			proxyType = 1;
			remoteGlobalIDString = 1352375B1ABA209F00D33887;
			remoteInfo = "what's what";
		};
/* End PBXContainerItemProxy section */

/* Begin PBXFileReference section */
		13047C041ACEF37900BD13E8 /* MockHeading.swift */ = {isa = PBXFileReference; fileEncoding = 4; lastKnownFileType = sourcecode.swift; path = MockHeading.swift; sourceTree = "<group>"; };
		131A70491B1E273200662FA8 /* ElevationDataManagerTests.swift */ = {isa = PBXFileReference; fileEncoding = 4; lastKnownFileType = sourcecode.swift; path = ElevationDataManagerTests.swift; sourceTree = "<group>"; };
		131A704C1B1E27C300662FA8 /* gdalInterface.cpp */ = {isa = PBXFileReference; fileEncoding = 4; lastKnownFileType = sourcecode.cpp.cpp; path = gdalInterface.cpp; sourceTree = "<group>"; };
		131A704D1B1E27C300662FA8 /* gdalInterface.h */ = {isa = PBXFileReference; fileEncoding = 4; lastKnownFileType = sourcecode.c.h; path = gdalInterface.h; sourceTree = "<group>"; };
		131A70661B1E298400662FA8 /* cpl_atomic_ops.h */ = {isa = PBXFileReference; fileEncoding = 4; lastKnownFileType = sourcecode.c.h; path = cpl_atomic_ops.h; sourceTree = "<group>"; };
		131A70671B1E298400662FA8 /* cpl_config_extras.h */ = {isa = PBXFileReference; fileEncoding = 4; lastKnownFileType = sourcecode.c.h; path = cpl_config_extras.h; sourceTree = "<group>"; };
		131A70681B1E298400662FA8 /* cpl_config.h */ = {isa = PBXFileReference; fileEncoding = 4; lastKnownFileType = sourcecode.c.h; path = cpl_config.h; sourceTree = "<group>"; };
		131A70691B1E298400662FA8 /* cpl_conv.h */ = {isa = PBXFileReference; fileEncoding = 4; lastKnownFileType = sourcecode.c.h; path = cpl_conv.h; sourceTree = "<group>"; };
		131A706A1B1E298400662FA8 /* cpl_csv.h */ = {isa = PBXFileReference; fileEncoding = 4; lastKnownFileType = sourcecode.c.h; path = cpl_csv.h; sourceTree = "<group>"; };
		131A706B1B1E298400662FA8 /* cpl_error.h */ = {isa = PBXFileReference; fileEncoding = 4; lastKnownFileType = sourcecode.c.h; path = cpl_error.h; sourceTree = "<group>"; };
		131A706C1B1E298400662FA8 /* cpl_hash_set.h */ = {isa = PBXFileReference; fileEncoding = 4; lastKnownFileType = sourcecode.c.h; path = cpl_hash_set.h; sourceTree = "<group>"; };
		131A706D1B1E298400662FA8 /* cpl_http.h */ = {isa = PBXFileReference; fileEncoding = 4; lastKnownFileType = sourcecode.c.h; path = cpl_http.h; sourceTree = "<group>"; };
		131A706E1B1E298400662FA8 /* cpl_list.h */ = {isa = PBXFileReference; fileEncoding = 4; lastKnownFileType = sourcecode.c.h; path = cpl_list.h; sourceTree = "<group>"; };
		131A706F1B1E298400662FA8 /* cpl_minixml.h */ = {isa = PBXFileReference; fileEncoding = 4; lastKnownFileType = sourcecode.c.h; path = cpl_minixml.h; sourceTree = "<group>"; };
		131A70701B1E298400662FA8 /* cpl_minizip_ioapi.h */ = {isa = PBXFileReference; fileEncoding = 4; lastKnownFileType = sourcecode.c.h; path = cpl_minizip_ioapi.h; sourceTree = "<group>"; };
		131A70711B1E298400662FA8 /* cpl_minizip_unzip.h */ = {isa = PBXFileReference; fileEncoding = 4; lastKnownFileType = sourcecode.c.h; path = cpl_minizip_unzip.h; sourceTree = "<group>"; };
		131A70721B1E298400662FA8 /* cpl_minizip_zip.h */ = {isa = PBXFileReference; fileEncoding = 4; lastKnownFileType = sourcecode.c.h; path = cpl_minizip_zip.h; sourceTree = "<group>"; };
		131A70731B1E298400662FA8 /* cpl_multiproc.h */ = {isa = PBXFileReference; fileEncoding = 4; lastKnownFileType = sourcecode.c.h; path = cpl_multiproc.h; sourceTree = "<group>"; };
		131A70741B1E298400662FA8 /* cpl_odbc.h */ = {isa = PBXFileReference; fileEncoding = 4; lastKnownFileType = sourcecode.c.h; path = cpl_odbc.h; sourceTree = "<group>"; };
		131A70751B1E298400662FA8 /* cpl_port.h */ = {isa = PBXFileReference; fileEncoding = 4; lastKnownFileType = sourcecode.c.h; path = cpl_port.h; sourceTree = "<group>"; };
		131A70761B1E298400662FA8 /* cpl_progress.h */ = {isa = PBXFileReference; fileEncoding = 4; lastKnownFileType = sourcecode.c.h; path = cpl_progress.h; sourceTree = "<group>"; };
		131A70771B1E298400662FA8 /* cpl_quad_tree.h */ = {isa = PBXFileReference; fileEncoding = 4; lastKnownFileType = sourcecode.c.h; path = cpl_quad_tree.h; sourceTree = "<group>"; };
		131A70781B1E298400662FA8 /* cpl_spawn.h */ = {isa = PBXFileReference; fileEncoding = 4; lastKnownFileType = sourcecode.c.h; path = cpl_spawn.h; sourceTree = "<group>"; };
		131A70791B1E298400662FA8 /* cpl_string.h */ = {isa = PBXFileReference; fileEncoding = 4; lastKnownFileType = sourcecode.c.h; path = cpl_string.h; sourceTree = "<group>"; };
		131A707A1B1E298400662FA8 /* cpl_time.h */ = {isa = PBXFileReference; fileEncoding = 4; lastKnownFileType = sourcecode.c.h; path = cpl_time.h; sourceTree = "<group>"; };
		131A707B1B1E298400662FA8 /* cpl_virtualmem.h */ = {isa = PBXFileReference; fileEncoding = 4; lastKnownFileType = sourcecode.c.h; path = cpl_virtualmem.h; sourceTree = "<group>"; };
		131A707C1B1E298400662FA8 /* cpl_vsi_virtual.h */ = {isa = PBXFileReference; fileEncoding = 4; lastKnownFileType = sourcecode.c.h; path = cpl_vsi_virtual.h; sourceTree = "<group>"; };
		131A707D1B1E298400662FA8 /* cpl_vsi.h */ = {isa = PBXFileReference; fileEncoding = 4; lastKnownFileType = sourcecode.c.h; path = cpl_vsi.h; sourceTree = "<group>"; };
		131A707E1B1E298400662FA8 /* cpl_vsil_curl_priv.h */ = {isa = PBXFileReference; fileEncoding = 4; lastKnownFileType = sourcecode.c.h; path = cpl_vsil_curl_priv.h; sourceTree = "<group>"; };
		131A707F1B1E298400662FA8 /* cpl_win32ce_api.h */ = {isa = PBXFileReference; fileEncoding = 4; lastKnownFileType = sourcecode.c.h; path = cpl_win32ce_api.h; sourceTree = "<group>"; };
		131A70801B1E298400662FA8 /* cpl_wince.h */ = {isa = PBXFileReference; fileEncoding = 4; lastKnownFileType = sourcecode.c.h; path = cpl_wince.h; sourceTree = "<group>"; };
		131A70811B1E298400662FA8 /* cplkeywordparser.h */ = {isa = PBXFileReference; fileEncoding = 4; lastKnownFileType = sourcecode.c.h; path = cplkeywordparser.h; sourceTree = "<group>"; };
		131A70821B1E298400662FA8 /* gdal_alg_priv.h */ = {isa = PBXFileReference; fileEncoding = 4; lastKnownFileType = sourcecode.c.h; path = gdal_alg_priv.h; sourceTree = "<group>"; };
		131A70831B1E298400662FA8 /* gdal_alg.h */ = {isa = PBXFileReference; fileEncoding = 4; lastKnownFileType = sourcecode.c.h; path = gdal_alg.h; sourceTree = "<group>"; };
		131A70841B1E298400662FA8 /* gdal_csv.h */ = {isa = PBXFileReference; fileEncoding = 4; lastKnownFileType = sourcecode.c.h; path = gdal_csv.h; sourceTree = "<group>"; };
		131A70851B1E298400662FA8 /* gdal_frmts.h */ = {isa = PBXFileReference; fileEncoding = 4; lastKnownFileType = sourcecode.c.h; path = gdal_frmts.h; sourceTree = "<group>"; };
		131A70861B1E298400662FA8 /* gdal_pam.h */ = {isa = PBXFileReference; fileEncoding = 4; lastKnownFileType = sourcecode.c.h; path = gdal_pam.h; sourceTree = "<group>"; };
		131A70871B1E298400662FA8 /* gdal_priv.h */ = {isa = PBXFileReference; fileEncoding = 4; lastKnownFileType = sourcecode.c.h; path = gdal_priv.h; sourceTree = "<group>"; };
		131A70881B1E298400662FA8 /* gdal_proxy.h */ = {isa = PBXFileReference; fileEncoding = 4; lastKnownFileType = sourcecode.c.h; path = gdal_proxy.h; sourceTree = "<group>"; };
		131A70891B1E298400662FA8 /* gdal_rat.h */ = {isa = PBXFileReference; fileEncoding = 4; lastKnownFileType = sourcecode.c.h; path = gdal_rat.h; sourceTree = "<group>"; };
		131A708A1B1E298400662FA8 /* gdal_simplesurf.h */ = {isa = PBXFileReference; fileEncoding = 4; lastKnownFileType = sourcecode.c.h; path = gdal_simplesurf.h; sourceTree = "<group>"; };
		131A708B1B1E298400662FA8 /* gdal_version.h */ = {isa = PBXFileReference; fileEncoding = 4; lastKnownFileType = sourcecode.c.h; path = gdal_version.h; sourceTree = "<group>"; };
		131A708C1B1E298400662FA8 /* gdal_vrt.h */ = {isa = PBXFileReference; fileEncoding = 4; lastKnownFileType = sourcecode.c.h; path = gdal_vrt.h; sourceTree = "<group>"; };
		131A708D1B1E298400662FA8 /* gdal.h */ = {isa = PBXFileReference; fileEncoding = 4; lastKnownFileType = sourcecode.c.h; path = gdal.h; sourceTree = "<group>"; };
		131A708E1B1E298400662FA8 /* gdalexif.h */ = {isa = PBXFileReference; fileEncoding = 4; lastKnownFileType = sourcecode.c.h; path = gdalexif.h; sourceTree = "<group>"; };
		131A708F1B1E298400662FA8 /* gdalgeorefpamdataset.h */ = {isa = PBXFileReference; fileEncoding = 4; lastKnownFileType = sourcecode.c.h; path = gdalgeorefpamdataset.h; sourceTree = "<group>"; };
		131A70901B1E298400662FA8 /* gdalgrid_priv.h */ = {isa = PBXFileReference; fileEncoding = 4; lastKnownFileType = sourcecode.c.h; path = gdalgrid_priv.h; sourceTree = "<group>"; };
		131A70911B1E298400662FA8 /* gdalgrid.h */ = {isa = PBXFileReference; fileEncoding = 4; lastKnownFileType = sourcecode.c.h; path = gdalgrid.h; sourceTree = "<group>"; };
		131A70921B1E298400662FA8 /* gdaljp2abstractdataset.h */ = {isa = PBXFileReference; fileEncoding = 4; lastKnownFileType = sourcecode.c.h; path = gdaljp2abstractdataset.h; sourceTree = "<group>"; };
		131A70931B1E298400662FA8 /* gdaljp2metadata.h */ = {isa = PBXFileReference; fileEncoding = 4; lastKnownFileType = sourcecode.c.h; path = gdaljp2metadata.h; sourceTree = "<group>"; };
		131A70941B1E298400662FA8 /* gdalwarper.h */ = {isa = PBXFileReference; fileEncoding = 4; lastKnownFileType = sourcecode.c.h; path = gdalwarper.h; sourceTree = "<group>"; };
		131A70951B1E298400662FA8 /* gdalwarpkernel_opencl.h */ = {isa = PBXFileReference; fileEncoding = 4; lastKnownFileType = sourcecode.c.h; path = gdalwarpkernel_opencl.h; sourceTree = "<group>"; };
		131A70961B1E298400662FA8 /* gvgcpfit.h */ = {isa = PBXFileReference; fileEncoding = 4; lastKnownFileType = sourcecode.c.h; path = gvgcpfit.h; sourceTree = "<group>"; };
		131A70971B1E298400662FA8 /* memdataset.h */ = {isa = PBXFileReference; fileEncoding = 4; lastKnownFileType = sourcecode.c.h; path = memdataset.h; sourceTree = "<group>"; };
		131A70981B1E298400662FA8 /* ogr_api.h */ = {isa = PBXFileReference; fileEncoding = 4; lastKnownFileType = sourcecode.c.h; path = ogr_api.h; sourceTree = "<group>"; };
		131A70991B1E298400662FA8 /* ogr_core.h */ = {isa = PBXFileReference; fileEncoding = 4; lastKnownFileType = sourcecode.c.h; path = ogr_core.h; sourceTree = "<group>"; };
		131A709A1B1E298400662FA8 /* ogr_feature.h */ = {isa = PBXFileReference; fileEncoding = 4; lastKnownFileType = sourcecode.c.h; path = ogr_feature.h; sourceTree = "<group>"; };
		131A709B1B1E298400662FA8 /* ogr_featurestyle.h */ = {isa = PBXFileReference; fileEncoding = 4; lastKnownFileType = sourcecode.c.h; path = ogr_featurestyle.h; sourceTree = "<group>"; };
		131A709C1B1E298400662FA8 /* ogr_geocoding.h */ = {isa = PBXFileReference; fileEncoding = 4; lastKnownFileType = sourcecode.c.h; path = ogr_geocoding.h; sourceTree = "<group>"; };
		131A709D1B1E298400662FA8 /* ogr_geometry.h */ = {isa = PBXFileReference; fileEncoding = 4; lastKnownFileType = sourcecode.c.h; path = ogr_geometry.h; sourceTree = "<group>"; };
		131A709E1B1E298400662FA8 /* ogr_p.h */ = {isa = PBXFileReference; fileEncoding = 4; lastKnownFileType = sourcecode.c.h; path = ogr_p.h; sourceTree = "<group>"; };
		131A709F1B1E298400662FA8 /* ogr_spatialref.h */ = {isa = PBXFileReference; fileEncoding = 4; lastKnownFileType = sourcecode.c.h; path = ogr_spatialref.h; sourceTree = "<group>"; };
		131A70A01B1E298400662FA8 /* ogr_srs_api.h */ = {isa = PBXFileReference; fileEncoding = 4; lastKnownFileType = sourcecode.c.h; path = ogr_srs_api.h; sourceTree = "<group>"; };
		131A70A11B1E298400662FA8 /* ogrsf_frmts.h */ = {isa = PBXFileReference; fileEncoding = 4; lastKnownFileType = sourcecode.c.h; path = ogrsf_frmts.h; sourceTree = "<group>"; };
		131A70A21B1E298400662FA8 /* org_proj4_Projections.h */ = {isa = PBXFileReference; fileEncoding = 4; lastKnownFileType = sourcecode.c.h; path = org_proj4_Projections.h; sourceTree = "<group>"; };
		131A70A31B1E298400662FA8 /* proj_api.h */ = {isa = PBXFileReference; fileEncoding = 4; lastKnownFileType = sourcecode.c.h; path = proj_api.h; sourceTree = "<group>"; };
		131A70A41B1E298400662FA8 /* rawdataset.h */ = {isa = PBXFileReference; fileEncoding = 4; lastKnownFileType = sourcecode.c.h; path = rawdataset.h; sourceTree = "<group>"; };
		131A70A51B1E298400662FA8 /* thinplatespline.h */ = {isa = PBXFileReference; fileEncoding = 4; lastKnownFileType = sourcecode.c.h; path = thinplatespline.h; sourceTree = "<group>"; };
		131A70A61B1E298400662FA8 /* vrtdataset.h */ = {isa = PBXFileReference; fileEncoding = 4; lastKnownFileType = sourcecode.c.h; path = vrtdataset.h; sourceTree = "<group>"; };
		131A70B01B1E2EF900662FA8 /* gdal-Bridging-Header.h */ = {isa = PBXFileReference; lastKnownFileType = sourcecode.c.h; path = "gdal-Bridging-Header.h"; sourceTree = "<group>"; };
		131A70BB1B1E320900662FA8 /* libxml2.dylib */ = {isa = PBXFileReference; lastKnownFileType = "compiled.mach-o.dylib"; name = libxml2.dylib; path = usr/lib/libxml2.dylib; sourceTree = SDKROOT; };
		131A70BD1B1E321F00662FA8 /* libc++.dylib */ = {isa = PBXFileReference; lastKnownFileType = "compiled.mach-o.dylib"; name = "libc++.dylib"; path = "usr/lib/libc++.dylib"; sourceTree = SDKROOT; };
		131A70BF1B1E322900662FA8 /* libc.dylib */ = {isa = PBXFileReference; lastKnownFileType = "compiled.mach-o.dylib"; name = libc.dylib; path = usr/lib/libc.dylib; sourceTree = SDKROOT; };
		131A70C11B1E323100662FA8 /* libsqlite3.dylib */ = {isa = PBXFileReference; lastKnownFileType = "compiled.mach-o.dylib"; name = libsqlite3.dylib; path = usr/lib/libsqlite3.dylib; sourceTree = SDKROOT; };
		131A70C31B1E323B00662FA8 /* libiconv.dylib */ = {isa = PBXFileReference; lastKnownFileType = "compiled.mach-o.dylib"; name = libiconv.dylib; path = usr/lib/libiconv.dylib; sourceTree = SDKROOT; };
		131A70C51B1E324300662FA8 /* libz.dylib */ = {isa = PBXFileReference; lastKnownFileType = "compiled.mach-o.dylib"; name = libz.dylib; path = usr/lib/libz.dylib; sourceTree = SDKROOT; };
		131A70C71B1E324C00662FA8 /* libstdc++.dylib */ = {isa = PBXFileReference; lastKnownFileType = "compiled.mach-o.dylib"; name = "libstdc++.dylib"; path = "usr/lib/libstdc++.dylib"; sourceTree = SDKROOT; };
		131A70CC1B1E351E00662FA8 /* GDALWrapper.h */ = {isa = PBXFileReference; fileEncoding = 4; lastKnownFileType = sourcecode.c.h; path = GDALWrapper.h; sourceTree = "<group>"; };
		131A70CD1B1E351F00662FA8 /* GDALWrapper.mm */ = {isa = PBXFileReference; fileEncoding = 4; lastKnownFileType = sourcecode.cpp.objcpp; path = GDALWrapper.mm; sourceTree = "<group>"; };
		131A70D81B1E606300662FA8 /* us_150max_bounding.tif */ = {isa = PBXFileReference; lastKnownFileType = image.tiff; path = us_150max_bounding.tif; sourceTree = "<group>"; };
		131A70E21B1F3EF800662FA8 /* MockNearbyPointsManagerTwo.swift */ = {isa = PBXFileReference; fileEncoding = 4; lastKnownFileType = sourcecode.swift; path = MockNearbyPointsManagerTwo.swift; sourceTree = "<group>"; };
		132F2C421AC762700071266F /* ParserTests.swift */ = {isa = PBXFileReference; fileEncoding = 4; lastKnownFileType = sourcecode.swift; path = ParserTests.swift; sourceTree = "<group>"; };
		132F2C441AC8E6D80071266F /* MockGeonamesCommunicator.swift */ = {isa = PBXFileReference; fileEncoding = 4; lastKnownFileType = sourcecode.swift; path = MockGeonamesCommunicator.swift; sourceTree = "<group>"; };
		132F2C461AC901C50071266F /* MockNearbyPointsManagerDelegate.swift */ = {isa = PBXFileReference; fileEncoding = 4; lastKnownFileType = sourcecode.swift; name = MockNearbyPointsManagerDelegate.swift; path = "../what's what/MockNearbyPointsManagerDelegate.swift"; sourceTree = "<group>"; };
		1345C4A71AEB08750041D182 /* currentLocation.gpx */ = {isa = PBXFileReference; fileEncoding = 4; lastKnownFileType = text.xml; name = currentLocation.gpx; path = "what's what/currentLocation.gpx"; sourceTree = "<group>"; };
		1352375C1ABA209F00D33887 /* what's what.app */ = {isa = PBXFileReference; explicitFileType = wrapper.application; includeInIndex = 0; path = "what's what.app"; sourceTree = BUILT_PRODUCTS_DIR; };
		135237601ABA20A000D33887 /* Info.plist */ = {isa = PBXFileReference; lastKnownFileType = text.plist.xml; path = Info.plist; sourceTree = "<group>"; };
		135237611ABA20A000D33887 /* AppDelegate.swift */ = {isa = PBXFileReference; lastKnownFileType = sourcecode.swift; path = AppDelegate.swift; sourceTree = "<group>"; };
		135237631ABA20A000D33887 /* NearbyPointsViewController.swift */ = {isa = PBXFileReference; lastKnownFileType = sourcecode.swift; path = NearbyPointsViewController.swift; sourceTree = "<group>"; };
		135237661ABA20A000D33887 /* Base */ = {isa = PBXFileReference; lastKnownFileType = file.storyboard; name = Base; path = Base.lproj/Main.storyboard; sourceTree = "<group>"; };
		135237681ABA20A000D33887 /* Images.xcassets */ = {isa = PBXFileReference; lastKnownFileType = folder.assetcatalog; path = Images.xcassets; sourceTree = "<group>"; };
		1352376B1ABA20A000D33887 /* Base */ = {isa = PBXFileReference; lastKnownFileType = file.xib; name = Base; path = Base.lproj/LaunchScreen.xib; sourceTree = "<group>"; };
		135237711ABA20A100D33887 /* what's whatTests.xctest */ = {isa = PBXFileReference; explicitFileType = wrapper.cfbundle; includeInIndex = 0; path = "what's whatTests.xctest"; sourceTree = BUILT_PRODUCTS_DIR; };
		135237761ABA20A100D33887 /* Info.plist */ = {isa = PBXFileReference; lastKnownFileType = text.plist.xml; path = Info.plist; sourceTree = "<group>"; };
		1352546C1B208CA200DBEADA /* libgdal.a */ = {isa = PBXFileReference; lastKnownFileType = archive.ar; path = libgdal.a; sourceTree = "<group>"; };
		1352546D1B208CA200DBEADA /* libproj.a */ = {isa = PBXFileReference; lastKnownFileType = archive.ar; path = libproj.a; sourceTree = "<group>"; };
		135254701B20CF3200DBEADA /* MockDoubleTap.swift */ = {isa = PBXFileReference; fileEncoding = 4; lastKnownFileType = sourcecode.swift; path = MockDoubleTap.swift; sourceTree = "<group>"; };
		1368BDF11AFBAF220094ECD6 /* MockCommunicatorTwo.swift */ = {isa = PBXFileReference; fileEncoding = 4; lastKnownFileType = sourcecode.swift; path = MockCommunicatorTwo.swift; sourceTree = "<group>"; };
		136A0F0F1AE96EC000ED1D69 /* MockNearbyPointsViewController.swift */ = {isa = PBXFileReference; fileEncoding = 4; lastKnownFileType = sourcecode.swift; path = MockNearbyPointsViewController.swift; sourceTree = "<group>"; };
		136CCE321AF2BBE200C74B8F /* MockPoint.swift */ = {isa = PBXFileReference; fileEncoding = 4; lastKnownFileType = sourcecode.swift; path = MockPoint.swift; sourceTree = "<group>"; };
		138B182E1AC9C10100D54ECE /* MockParser.swift */ = {isa = PBXFileReference; fileEncoding = 4; lastKnownFileType = sourcecode.swift; path = MockParser.swift; sourceTree = "<group>"; };
		138B18321ACB6BB200D54ECE /* NearbyPoint.swift */ = {isa = PBXFileReference; fileEncoding = 4; lastKnownFileType = sourcecode.swift; path = NearbyPoint.swift; sourceTree = "<group>"; };
		138B18381ACB79B000D54ECE /* NearbyPointClassTests.swift */ = {isa = PBXFileReference; fileEncoding = 4; lastKnownFileType = sourcecode.swift; name = NearbyPointClassTests.swift; path = "../what's what/NearbyPointClassTests.swift"; sourceTree = "<group>"; };
		139E8BA41ACD95F000C4C7E5 /* NearbyPointsViewControllerTests.swift */ = {isa = PBXFileReference; fileEncoding = 4; lastKnownFileType = sourcecode.swift; name = NearbyPointsViewControllerTests.swift; path = "what's whatTests/NearbyPointsViewControllerTests.swift"; sourceTree = SOURCE_ROOT; };
		13A3B9711AC5FC2800FF0202 /* GeonamesCommunicator.swift */ = {isa = PBXFileReference; fileEncoding = 4; lastKnownFileType = sourcecode.swift; path = GeonamesCommunicator.swift; sourceTree = "<group>"; };
		13A3B9731AC5FC8F00FF0202 /* GeonamesCommunicatorTests.swift */ = {isa = PBXFileReference; fileEncoding = 4; lastKnownFileType = sourcecode.swift; path = GeonamesCommunicatorTests.swift; sourceTree = "<group>"; };
		13A3B9761AC6337900FF0202 /* NearbyPointsManager.swift */ = {isa = PBXFileReference; fileEncoding = 4; lastKnownFileType = sourcecode.swift; path = NearbyPointsManager.swift; sourceTree = "<group>"; };
		13A3B9781AC633AD00FF0202 /* NearbyPointsManagerTests.swift */ = {isa = PBXFileReference; fileEncoding = 4; lastKnownFileType = sourcecode.swift; path = NearbyPointsManagerTests.swift; sourceTree = "<group>"; };
		13A3B97B1AC638A100FF0202 /* MockNearbyPointsManager.swift */ = {isa = PBXFileReference; fileEncoding = 4; lastKnownFileType = sourcecode.swift; path = MockNearbyPointsManager.swift; sourceTree = "<group>"; };
		13A3B97E1AC6F5F300FF0202 /* GeoNamesJSONParser.swift */ = {isa = PBXFileReference; fileEncoding = 4; lastKnownFileType = sourcecode.swift; path = GeoNamesJSONParser.swift; sourceTree = "<group>"; };
		13A3B9831AC7102000FF0202 /* NNGeonamesCommunicator.swift */ = {isa = PBXFileReference; fileEncoding = 4; lastKnownFileType = sourcecode.swift; path = NNGeonamesCommunicator.swift; sourceTree = "<group>"; };
		13A3B9851AC7118000FF0202 /* FakeURLResponse.swift */ = {isa = PBXFileReference; fileEncoding = 4; lastKnownFileType = sourcecode.swift; path = FakeURLResponse.swift; sourceTree = "<group>"; };
		13C9BF9D1AE2C932005EF8D4 /* CaptureSessionManager.swift */ = {isa = PBXFileReference; fileEncoding = 4; lastKnownFileType = sourcecode.swift; path = CaptureSessionManager.swift; sourceTree = "<group>"; };
		13C9BFD41AE5AE96005EF8D4 /* AppDelegateTests.swift */ = {isa = PBXFileReference; fileEncoding = 4; lastKnownFileType = sourcecode.swift; path = AppDelegateTests.swift; sourceTree = "<group>"; };
		13CAEAF61B1CD0E800D30B6E /* MockNearbyPointElevationData.swift */ = {isa = PBXFileReference; fileEncoding = 4; lastKnownFileType = sourcecode.swift; path = MockNearbyPointElevationData.swift; sourceTree = "<group>"; };
		13CAEAF91B1D486300D30B6E /* ElevationDataManager.swift */ = {isa = PBXFileReference; fileEncoding = 4; lastKnownFileType = sourcecode.swift; path = ElevationDataManager.swift; sourceTree = "<group>"; };
		13CAEAFC1B1DFB6C00D30B6E /* MockElevationDataManager.swift */ = {isa = PBXFileReference; fileEncoding = 4; lastKnownFileType = sourcecode.swift; path = MockElevationDataManager.swift; sourceTree = "<group>"; };
		13DCD1F61AF44048009993C5 /* Communicator.swift */ = {isa = PBXFileReference; fileEncoding = 4; lastKnownFileType = sourcecode.swift; path = Communicator.swift; sourceTree = "<group>"; };
		13DCD1F91AF440A3009993C5 /* CommunicatorTests.swift */ = {isa = PBXFileReference; fileEncoding = 4; lastKnownFileType = sourcecode.swift; path = CommunicatorTests.swift; sourceTree = "<group>"; };
		13DCD1FB1AF4468F009993C5 /* MockCommunicator.swift */ = {isa = PBXFileReference; fileEncoding = 4; lastKnownFileType = sourcecode.swift; path = MockCommunicator.swift; sourceTree = "<group>"; };
/* End PBXFileReference section */

/* Begin PBXFrameworksBuildPhase section */
		135237591ABA209F00D33887 /* Frameworks */ = {
			isa = PBXFrameworksBuildPhase;
			buildActionMask = 2147483647;
			files = (
				131A70C81B1E324C00662FA8 /* libstdc++.dylib in Frameworks */,
				131A70C61B1E324300662FA8 /* libz.dylib in Frameworks */,
				1352546F1B208CA200DBEADA /* libproj.a in Frameworks */,
				131A70C41B1E323B00662FA8 /* libiconv.dylib in Frameworks */,
				131A70C21B1E323100662FA8 /* libsqlite3.dylib in Frameworks */,
				131A70C01B1E322900662FA8 /* libc.dylib in Frameworks */,
				131A70BE1B1E321F00662FA8 /* libc++.dylib in Frameworks */,
				131A70BC1B1E320900662FA8 /* libxml2.dylib in Frameworks */,
				1352546E1B208CA200DBEADA /* libgdal.a in Frameworks */,
			);
			runOnlyForDeploymentPostprocessing = 0;
		};
		1352376E1ABA20A100D33887 /* Frameworks */ = {
			isa = PBXFrameworksBuildPhase;
			buildActionMask = 2147483647;
			files = (
			);
			runOnlyForDeploymentPostprocessing = 0;
		};
/* End PBXFrameworksBuildPhase section */

/* Begin PBXGroup section */
		131A70521B1E28E600662FA8 /* gdalLibraries */ = {
			isa = PBXGroup;
			children = (
				131A70C71B1E324C00662FA8 /* libstdc++.dylib */,
				131A70C51B1E324300662FA8 /* libz.dylib */,
				131A70C31B1E323B00662FA8 /* libiconv.dylib */,
				131A70C11B1E323100662FA8 /* libsqlite3.dylib */,
				131A70BF1B1E322900662FA8 /* libc.dylib */,
				131A70BD1B1E321F00662FA8 /* libc++.dylib */,
				131A70BB1B1E320900662FA8 /* libxml2.dylib */,
			);
			name = gdalLibraries;
			sourceTree = "<group>";
		};
		131A70651B1E292C00662FA8 /* gdal includes */ = {
			isa = PBXGroup;
			children = (
				131A70661B1E298400662FA8 /* cpl_atomic_ops.h */,
				131A70671B1E298400662FA8 /* cpl_config_extras.h */,
				131A70681B1E298400662FA8 /* cpl_config.h */,
				131A70691B1E298400662FA8 /* cpl_conv.h */,
				131A706A1B1E298400662FA8 /* cpl_csv.h */,
				131A706B1B1E298400662FA8 /* cpl_error.h */,
				131A706C1B1E298400662FA8 /* cpl_hash_set.h */,
				131A706D1B1E298400662FA8 /* cpl_http.h */,
				131A706E1B1E298400662FA8 /* cpl_list.h */,
				131A706F1B1E298400662FA8 /* cpl_minixml.h */,
				131A70701B1E298400662FA8 /* cpl_minizip_ioapi.h */,
				131A70711B1E298400662FA8 /* cpl_minizip_unzip.h */,
				131A70721B1E298400662FA8 /* cpl_minizip_zip.h */,
				131A70731B1E298400662FA8 /* cpl_multiproc.h */,
				131A70741B1E298400662FA8 /* cpl_odbc.h */,
				131A70751B1E298400662FA8 /* cpl_port.h */,
				131A70761B1E298400662FA8 /* cpl_progress.h */,
				131A70771B1E298400662FA8 /* cpl_quad_tree.h */,
				131A70781B1E298400662FA8 /* cpl_spawn.h */,
				131A70791B1E298400662FA8 /* cpl_string.h */,
				131A707A1B1E298400662FA8 /* cpl_time.h */,
				131A707B1B1E298400662FA8 /* cpl_virtualmem.h */,
				131A707C1B1E298400662FA8 /* cpl_vsi_virtual.h */,
				131A707D1B1E298400662FA8 /* cpl_vsi.h */,
				131A707E1B1E298400662FA8 /* cpl_vsil_curl_priv.h */,
				131A707F1B1E298400662FA8 /* cpl_win32ce_api.h */,
				131A70801B1E298400662FA8 /* cpl_wince.h */,
				131A70811B1E298400662FA8 /* cplkeywordparser.h */,
				131A70821B1E298400662FA8 /* gdal_alg_priv.h */,
				131A70831B1E298400662FA8 /* gdal_alg.h */,
				131A70841B1E298400662FA8 /* gdal_csv.h */,
				131A70851B1E298400662FA8 /* gdal_frmts.h */,
				131A70861B1E298400662FA8 /* gdal_pam.h */,
				131A70871B1E298400662FA8 /* gdal_priv.h */,
				131A70881B1E298400662FA8 /* gdal_proxy.h */,
				131A70891B1E298400662FA8 /* gdal_rat.h */,
				131A708A1B1E298400662FA8 /* gdal_simplesurf.h */,
				131A708B1B1E298400662FA8 /* gdal_version.h */,
				131A708C1B1E298400662FA8 /* gdal_vrt.h */,
				131A708D1B1E298400662FA8 /* gdal.h */,
				131A708E1B1E298400662FA8 /* gdalexif.h */,
				131A708F1B1E298400662FA8 /* gdalgeorefpamdataset.h */,
				131A70901B1E298400662FA8 /* gdalgrid_priv.h */,
				131A70911B1E298400662FA8 /* gdalgrid.h */,
				131A70921B1E298400662FA8 /* gdaljp2abstractdataset.h */,
				131A70931B1E298400662FA8 /* gdaljp2metadata.h */,
				131A70941B1E298400662FA8 /* gdalwarper.h */,
				131A70951B1E298400662FA8 /* gdalwarpkernel_opencl.h */,
				131A70961B1E298400662FA8 /* gvgcpfit.h */,
				131A70971B1E298400662FA8 /* memdataset.h */,
				131A70981B1E298400662FA8 /* ogr_api.h */,
				131A70991B1E298400662FA8 /* ogr_core.h */,
				131A709A1B1E298400662FA8 /* ogr_feature.h */,
				131A709B1B1E298400662FA8 /* ogr_featurestyle.h */,
				131A709C1B1E298400662FA8 /* ogr_geocoding.h */,
				131A709D1B1E298400662FA8 /* ogr_geometry.h */,
				131A709E1B1E298400662FA8 /* ogr_p.h */,
				131A709F1B1E298400662FA8 /* ogr_spatialref.h */,
				131A70A01B1E298400662FA8 /* ogr_srs_api.h */,
				131A70A11B1E298400662FA8 /* ogrsf_frmts.h */,
				131A70A21B1E298400662FA8 /* org_proj4_Projections.h */,
				131A70A31B1E298400662FA8 /* proj_api.h */,
				131A70A41B1E298400662FA8 /* rawdataset.h */,
				131A70A51B1E298400662FA8 /* thinplatespline.h */,
				131A70A61B1E298400662FA8 /* vrtdataset.h */,
			);
			name = "gdal includes";
			sourceTree = "<group>";
		};
		135237531ABA209E00D33887 = {
			isa = PBXGroup;
			children = (
				131A70D81B1E606300662FA8 /* us_150max_bounding.tif */,
				1345C4A71AEB08750041D182 /* currentLocation.gpx */,
				1352375E1ABA209F00D33887 /* what's what */,
				135237741ABA20A100D33887 /* what's whatTests */,
				1352375D1ABA209F00D33887 /* Products */,
			);
			sourceTree = "<group>";
		};
		1352375D1ABA209F00D33887 /* Products */ = {
			isa = PBXGroup;
			children = (
				1352375C1ABA209F00D33887 /* what's what.app */,
				135237711ABA20A100D33887 /* what's whatTests.xctest */,
			);
			name = Products;
			sourceTree = "<group>";
		};
		1352375E1ABA209F00D33887 /* what's what */ = {
			isa = PBXGroup;
			children = (
				1352546C1B208CA200DBEADA /* libgdal.a */,
				1352546D1B208CA200DBEADA /* libproj.a */,
				135237611ABA20A000D33887 /* AppDelegate.swift */,
				13C9BF9D1AE2C932005EF8D4 /* CaptureSessionManager.swift */,
				13DCD1F61AF44048009993C5 /* Communicator.swift */,
				13A3B9711AC5FC2800FF0202 /* GeonamesCommunicator.swift */,
				13A3B97E1AC6F5F300FF0202 /* GeoNamesJSONParser.swift */,
				13CAEAF91B1D486300D30B6E /* ElevationDataManager.swift */,
				131A70CC1B1E351E00662FA8 /* GDALWrapper.h */,
				131A70CD1B1E351F00662FA8 /* GDALWrapper.mm */,
				131A70B01B1E2EF900662FA8 /* gdal-Bridging-Header.h */,
				131A704D1B1E27C300662FA8 /* gdalInterface.h */,
				131A704C1B1E27C300662FA8 /* gdalInterface.cpp */,
				138B18321ACB6BB200D54ECE /* NearbyPoint.swift */,
				13A3B9761AC6337900FF0202 /* NearbyPointsManager.swift */,
				135237631ABA20A000D33887 /* NearbyPointsViewController.swift */,
				135237651ABA20A000D33887 /* Main.storyboard */,
				135237681ABA20A000D33887 /* Images.xcassets */,
				1352376A1ABA20A000D33887 /* LaunchScreen.xib */,
				131A70651B1E292C00662FA8 /* gdal includes */,
				131A70521B1E28E600662FA8 /* gdalLibraries */,
				1352375F1ABA209F00D33887 /* Supporting Files */,
			);
			path = "what's what";
			sourceTree = "<group>";
		};
		1352375F1ABA209F00D33887 /* Supporting Files */ = {
			isa = PBXGroup;
			children = (
				135237601ABA20A000D33887 /* Info.plist */,
			);
			name = "Supporting Files";
			sourceTree = "<group>";
		};
		135237741ABA20A100D33887 /* what's whatTests */ = {
			isa = PBXGroup;
			children = (
				13C9BFD41AE5AE96005EF8D4 /* AppDelegateTests.swift */,
				13DCD1F91AF440A3009993C5 /* CommunicatorTests.swift */,
				13A3B9731AC5FC8F00FF0202 /* GeonamesCommunicatorTests.swift */,
				131A70491B1E273200662FA8 /* ElevationDataManagerTests.swift */,
				13A3B9851AC7118000FF0202 /* FakeURLResponse.swift */,
				13A3B9831AC7102000FF0202 /* NNGeonamesCommunicator.swift */,
				13DCD1FB1AF4468F009993C5 /* MockCommunicator.swift */,
				1368BDF11AFBAF220094ECD6 /* MockCommunicatorTwo.swift */,
				132F2C441AC8E6D80071266F /* MockGeonamesCommunicator.swift */,
				13CAEAFC1B1DFB6C00D30B6E /* MockElevationDataManager.swift */,
				13047C041ACEF37900BD13E8 /* MockHeading.swift */,
				13CAEAF61B1CD0E800D30B6E /* MockNearbyPointElevationData.swift */,
				13A3B97B1AC638A100FF0202 /* MockNearbyPointsManager.swift */,
				131A70E21B1F3EF800662FA8 /* MockNearbyPointsManagerTwo.swift */,
				132F2C461AC901C50071266F /* MockNearbyPointsManagerDelegate.swift */,
				136A0F0F1AE96EC000ED1D69 /* MockNearbyPointsViewController.swift */,
				136CCE321AF2BBE200C74B8F /* MockPoint.swift */,
				138B182E1AC9C10100D54ECE /* MockParser.swift */,
				13A3B9781AC633AD00FF0202 /* NearbyPointsManagerTests.swift */,
				138B18381ACB79B000D54ECE /* NearbyPointClassTests.swift */,
				139E8BA41ACD95F000C4C7E5 /* NearbyPointsViewControllerTests.swift */,
				135254701B20CF3200DBEADA /* MockDoubleTap.swift */,
				132F2C421AC762700071266F /* ParserTests.swift */,
				135237751ABA20A100D33887 /* Supporting Files */,
			);
			path = "what's whatTests";
			sourceTree = "<group>";
		};
		135237751ABA20A100D33887 /* Supporting Files */ = {
			isa = PBXGroup;
			children = (
				135237761ABA20A100D33887 /* Info.plist */,
			);
			name = "Supporting Files";
			sourceTree = "<group>";
		};
/* End PBXGroup section */

/* Begin PBXNativeTarget section */
		1352375B1ABA209F00D33887 /* what's what */ = {
			isa = PBXNativeTarget;
			buildConfigurationList = 1352377B1ABA20A100D33887 /* Build configuration list for PBXNativeTarget "what's what" */;
			buildPhases = (
				135237581ABA209F00D33887 /* Sources */,
				135237591ABA209F00D33887 /* Frameworks */,
				1352375A1ABA209F00D33887 /* Resources */,
			);
			buildRules = (
			);
			dependencies = (
			);
			name = "what's what";
			productName = "what's what";
			productReference = 1352375C1ABA209F00D33887 /* what's what.app */;
			productType = "com.apple.product-type.application";
		};
		135237701ABA20A100D33887 /* what's whatTests */ = {
			isa = PBXNativeTarget;
			buildConfigurationList = 1352377E1ABA20A100D33887 /* Build configuration list for PBXNativeTarget "what's whatTests" */;
			buildPhases = (
				1352376D1ABA20A100D33887 /* Sources */,
				1352376E1ABA20A100D33887 /* Frameworks */,
				1352376F1ABA20A100D33887 /* Resources */,
			);
			buildRules = (
			);
			dependencies = (
				135237731ABA20A100D33887 /* PBXTargetDependency */,
			);
			name = "what's whatTests";
			productName = "what's whatTests";
			productReference = 135237711ABA20A100D33887 /* what's whatTests.xctest */;
			productType = "com.apple.product-type.bundle.unit-test";
		};
/* End PBXNativeTarget section */

/* Begin PBXProject section */
		135237541ABA209E00D33887 /* Project object */ = {
			isa = PBXProject;
			attributes = {
				LastUpgradeCheck = 0620;
				ORGANIZATIONNAME = johnnylaw;
				TargetAttributes = {
					1352375B1ABA209F00D33887 = {
						CreatedOnToolsVersion = 6.2;
						DevelopmentTeam = 96P47M429U;
						SystemCapabilities = {
							com.apple.Maps.iOS = {
								enabled = 0;
							};
						};
					};
					135237701ABA20A100D33887 = {
						CreatedOnToolsVersion = 6.2;
						DevelopmentTeam = 96P47M429U;
						TestTargetID = 1352375B1ABA209F00D33887;
					};
				};
			};
			buildConfigurationList = 135237571ABA209E00D33887 /* Build configuration list for PBXProject "what's what" */;
			compatibilityVersion = "Xcode 3.2";
			developmentRegion = English;
			hasScannedForEncodings = 0;
			knownRegions = (
				en,
				Base,
			);
			mainGroup = 135237531ABA209E00D33887;
			productRefGroup = 1352375D1ABA209F00D33887 /* Products */;
			projectDirPath = "";
			projectRoot = "";
			targets = (
				1352375B1ABA209F00D33887 /* what's what */,
				135237701ABA20A100D33887 /* what's whatTests */,
			);
		};
/* End PBXProject section */

/* Begin PBXResourcesBuildPhase section */
		1352375A1ABA209F00D33887 /* Resources */ = {
			isa = PBXResourcesBuildPhase;
			buildActionMask = 2147483647;
			files = (
				1345C4A81AEB08750041D182 /* currentLocation.gpx in Resources */,
				135237671ABA20A000D33887 /* Main.storyboard in Resources */,
				1352376C1ABA20A000D33887 /* LaunchScreen.xib in Resources */,
				131A70D91B1E606300662FA8 /* us_150max_bounding.tif in Resources */,
				135237691ABA20A000D33887 /* Images.xcassets in Resources */,
			);
			runOnlyForDeploymentPostprocessing = 0;
		};
		1352376F1ABA20A100D33887 /* Resources */ = {
			isa = PBXResourcesBuildPhase;
			buildActionMask = 2147483647;
			files = (
			);
			runOnlyForDeploymentPostprocessing = 0;
		};
/* End PBXResourcesBuildPhase section */

/* Begin PBXSourcesBuildPhase section */
		135237581ABA209F00D33887 /* Sources */ = {
			isa = PBXSourcesBuildPhase;
			buildActionMask = 2147483647;
			files = (
				13DCD1F71AF44048009993C5 /* Communicator.swift in Sources */,
				131A704E1B1E27C300662FA8 /* gdalInterface.cpp in Sources */,
				13CAEAF81B1CD3FC00D30B6E /* MockNearbyPointElevationData.swift in Sources */,
				13A3B9721AC5FC2800FF0202 /* GeonamesCommunicator.swift in Sources */,
				13CAEAFA1B1D486300D30B6E /* ElevationDataManager.swift in Sources */,
				13C9BF9E1AE2C933005EF8D4 /* CaptureSessionManager.swift in Sources */,
				13A3B9771AC6337900FF0202 /* NearbyPointsManager.swift in Sources */,
				13A3B97F1AC6F5F300FF0202 /* GeoNamesJSONParser.swift in Sources */,
				138B18331ACB6BB300D54ECE /* NearbyPoint.swift in Sources */,
				131A70CE1B1E351F00662FA8 /* GDALWrapper.mm in Sources */,
				135237641ABA20A000D33887 /* NearbyPointsViewController.swift in Sources */,
				135237621ABA20A000D33887 /* AppDelegate.swift in Sources */,
				13CAEAFE1B1DFBA900D30B6E /* MockElevationDataManager.swift in Sources */,
			);
			runOnlyForDeploymentPostprocessing = 0;
		};
		1352376D1ABA20A100D33887 /* Sources */ = {
			isa = PBXSourcesBuildPhase;
			buildActionMask = 2147483647;
			files = (
				1368BDF21AFBAF220094ECD6 /* MockCommunicatorTwo.swift in Sources */,
				13DCD1FA1AF440A3009993C5 /* CommunicatorTests.swift in Sources */,
				13DCD1FC1AF4468F009993C5 /* MockCommunicator.swift in Sources */,
				13A3B97C1AC638A100FF0202 /* MockNearbyPointsManager.swift in Sources */,
				13047C051ACEF37900BD13E8 /* MockHeading.swift in Sources */,
				13A3B9861AC7118000FF0202 /* FakeURLResponse.swift in Sources */,
				13A3B9841AC7102000FF0202 /* NNGeonamesCommunicator.swift in Sources */,
				131A704A1B1E273200662FA8 /* ElevationDataManagerTests.swift in Sources */,
				13A3B9801AC707BA00FF0202 /* GeonamesCommunicator.swift in Sources */,
				131A70C91B1E33B000662FA8 /* ElevationDataManager.swift in Sources */,
				136A0F101AE96EC000ED1D69 /* MockNearbyPointsViewController.swift in Sources */,
				131A70CB1B1E33B800662FA8 /* gdalInterface.cpp in Sources */,
				13A3B9741AC5FC8F00FF0202 /* GeonamesCommunicatorTests.swift in Sources */,
				13A3B9811AC70A1200FF0202 /* NearbyPointsManager.swift in Sources */,
				138B182F1AC9C10100D54ECE /* MockParser.swift in Sources */,
				131A70D11B1E45B600662FA8 /* GDALWrapper.mm in Sources */,
				135254711B20CF3300DBEADA /* MockDoubleTap.swift in Sources */,
				13CAEAFD1B1DFB6C00D30B6E /* MockElevationDataManager.swift in Sources */,
				13C9BFD51AE5AE9A005EF8D4 /* AppDelegateTests.swift in Sources */,
				13DCD1F81AF4406E009993C5 /* Communicator.swift in Sources */,
				13CAEAF71B1CD0E900D30B6E /* MockNearbyPointElevationData.swift in Sources */,
				138B18361ACB758700D54ECE /* NearbyPoint.swift in Sources */,
				13A3B9791AC633AD00FF0202 /* NearbyPointsManagerTests.swift in Sources */,
				138B18391ACB79B000D54ECE /* NearbyPointClassTests.swift in Sources */,
				132F2C451AC8E6D80071266F /* MockGeonamesCommunicator.swift in Sources */,
				13A3B9821AC70A2300FF0202 /* GeoNamesJSONParser.swift in Sources */,
				131A70E31B1F3EF800662FA8 /* MockNearbyPointsManagerTwo.swift in Sources */,
				132F2C471AC901C50071266F /* MockNearbyPointsManagerDelegate.swift in Sources */,
				139E8BA51ACD95F000C4C7E5 /* NearbyPointsViewControllerTests.swift in Sources */,
				136CCE331AF2BBE200C74B8F /* MockPoint.swift in Sources */,
				139E8BA31ACC907D00C4C7E5 /* NearbyPointsViewController.swift in Sources */,
				132F2C431AC762710071266F /* ParserTests.swift in Sources */,
				13C9BF9F1AE2CEF2005EF8D4 /* CaptureSessionManager.swift in Sources */,
				13C9BFD61AE5B111005EF8D4 /* AppDelegate.swift in Sources */,
			);
			runOnlyForDeploymentPostprocessing = 0;
		};
/* End PBXSourcesBuildPhase section */

/* Begin PBXTargetDependency section */
		135237731ABA20A100D33887 /* PBXTargetDependency */ = {
			isa = PBXTargetDependency;
			target = 1352375B1ABA209F00D33887 /* what's what */;
			targetProxy = 135237721ABA20A100D33887 /* PBXContainerItemProxy */;
		};
/* End PBXTargetDependency section */

/* Begin PBXVariantGroup section */
		135237651ABA20A000D33887 /* Main.storyboard */ = {
			isa = PBXVariantGroup;
			children = (
				135237661ABA20A000D33887 /* Base */,
			);
			name = Main.storyboard;
			sourceTree = "<group>";
		};
		1352376A1ABA20A000D33887 /* LaunchScreen.xib */ = {
			isa = PBXVariantGroup;
			children = (
				1352376B1ABA20A000D33887 /* Base */,
			);
			name = LaunchScreen.xib;
			sourceTree = "<group>";
		};
/* End PBXVariantGroup section */

/* Begin XCBuildConfiguration section */
		135237791ABA20A100D33887 /* Debug */ = {
			isa = XCBuildConfiguration;
			buildSettings = {
				ALWAYS_SEARCH_USER_PATHS = NO;
				CLANG_CXX_LANGUAGE_STANDARD = "gnu++0x";
				CLANG_CXX_LIBRARY = "libc++";
				CLANG_ENABLE_MODULES = YES;
				CLANG_ENABLE_OBJC_ARC = YES;
				CLANG_WARN_BOOL_CONVERSION = YES;
				CLANG_WARN_CONSTANT_CONVERSION = YES;
				CLANG_WARN_DIRECT_OBJC_ISA_USAGE = YES_ERROR;
				CLANG_WARN_EMPTY_BODY = YES;
				CLANG_WARN_ENUM_CONVERSION = YES;
				CLANG_WARN_INT_CONVERSION = YES;
				CLANG_WARN_OBJC_ROOT_CLASS = YES_ERROR;
				CLANG_WARN_UNREACHABLE_CODE = YES;
				CLANG_WARN__DUPLICATE_METHOD_MATCH = YES;
				"CODE_SIGN_IDENTITY[sdk=iphoneos*]" = "iPhone Developer";
				COPY_PHASE_STRIP = NO;
				ENABLE_STRICT_OBJC_MSGSEND = YES;
				GCC_C_LANGUAGE_STANDARD = gnu99;
				GCC_DYNAMIC_NO_PIC = NO;
				GCC_OPTIMIZATION_LEVEL = 0;
				GCC_PREPROCESSOR_DEFINITIONS = (
					"DEBUG=1",
					"$(inherited)",
				);
				GCC_SYMBOLS_PRIVATE_EXTERN = NO;
				GCC_WARN_64_TO_32_BIT_CONVERSION = YES;
				GCC_WARN_ABOUT_RETURN_TYPE = YES_ERROR;
				GCC_WARN_UNDECLARED_SELECTOR = YES;
				GCC_WARN_UNINITIALIZED_AUTOS = YES_AGGRESSIVE;
				GCC_WARN_UNUSED_FUNCTION = YES;
				GCC_WARN_UNUSED_VARIABLE = YES;
				IPHONEOS_DEPLOYMENT_TARGET = 8.2;
				MTL_ENABLE_DEBUG_INFO = YES;
				ONLY_ACTIVE_ARCH = YES;
				SDKROOT = iphoneos;
				SWIFT_OPTIMIZATION_LEVEL = "-Onone";
			};
			name = Debug;
		};
		1352377A1ABA20A100D33887 /* Release */ = {
			isa = XCBuildConfiguration;
			buildSettings = {
				ALWAYS_SEARCH_USER_PATHS = NO;
				CLANG_CXX_LANGUAGE_STANDARD = "gnu++0x";
				CLANG_CXX_LIBRARY = "libc++";
				CLANG_ENABLE_MODULES = YES;
				CLANG_ENABLE_OBJC_ARC = YES;
				CLANG_WARN_BOOL_CONVERSION = YES;
				CLANG_WARN_CONSTANT_CONVERSION = YES;
				CLANG_WARN_DIRECT_OBJC_ISA_USAGE = YES_ERROR;
				CLANG_WARN_EMPTY_BODY = YES;
				CLANG_WARN_ENUM_CONVERSION = YES;
				CLANG_WARN_INT_CONVERSION = YES;
				CLANG_WARN_OBJC_ROOT_CLASS = YES_ERROR;
				CLANG_WARN_UNREACHABLE_CODE = YES;
				CLANG_WARN__DUPLICATE_METHOD_MATCH = YES;
				"CODE_SIGN_IDENTITY[sdk=iphoneos*]" = "iPhone Developer";
				COPY_PHASE_STRIP = NO;
				ENABLE_NS_ASSERTIONS = NO;
				ENABLE_STRICT_OBJC_MSGSEND = YES;
				GCC_C_LANGUAGE_STANDARD = gnu99;
				GCC_WARN_64_TO_32_BIT_CONVERSION = YES;
				GCC_WARN_ABOUT_RETURN_TYPE = YES_ERROR;
				GCC_WARN_UNDECLARED_SELECTOR = YES;
				GCC_WARN_UNINITIALIZED_AUTOS = YES_AGGRESSIVE;
				GCC_WARN_UNUSED_FUNCTION = YES;
				GCC_WARN_UNUSED_VARIABLE = YES;
				IPHONEOS_DEPLOYMENT_TARGET = 8.2;
				MTL_ENABLE_DEBUG_INFO = NO;
				SDKROOT = iphoneos;
				VALIDATE_PRODUCT = YES;
			};
			name = Release;
		};
		1352377C1ABA20A100D33887 /* Debug */ = {
			isa = XCBuildConfiguration;
			buildSettings = {
				ASSETCATALOG_COMPILER_APPICON_NAME = AppIcon;
				CLANG_ENABLE_MODULES = YES;
				INFOPLIST_FILE = "what's what/Info.plist";
				LD_RUNPATH_SEARCH_PATHS = "$(inherited) @executable_path/Frameworks";
				LIBRARY_SEARCH_PATHS = "$(PROJECT_DIR)/what's what";
				PRODUCT_NAME = "$(TARGET_NAME)";
				SWIFT_OBJC_BRIDGING_HEADER = "what's what/gdal-Bridging-Header.h";
				SWIFT_OPTIMIZATION_LEVEL = "-Onone";
			};
			name = Debug;
		};
		1352377D1ABA20A100D33887 /* Release */ = {
			isa = XCBuildConfiguration;
			buildSettings = {
				ASSETCATALOG_COMPILER_APPICON_NAME = AppIcon;
				CLANG_ENABLE_MODULES = YES;
				INFOPLIST_FILE = "what's what/Info.plist";
				LD_RUNPATH_SEARCH_PATHS = "$(inherited) @executable_path/Frameworks";
				LIBRARY_SEARCH_PATHS = "$(PROJECT_DIR)/what's what";
				PRODUCT_NAME = "$(TARGET_NAME)";
				SWIFT_OBJC_BRIDGING_HEADER = "what's what/gdal-Bridging-Header.h";
			};
			name = Release;
		};
		1352377F1ABA20A100D33887 /* Debug */ = {
			isa = XCBuildConfiguration;
			buildSettings = {
				BUNDLE_LOADER = "$(TEST_HOST)";
				CODE_SIGN_IDENTITY = "iPhone Developer";
				"CODE_SIGN_IDENTITY[sdk=iphoneos*]" = "iPhone Developer";
				FRAMEWORK_SEARCH_PATHS = (
					"$(SDKROOT)/Developer/Library/Frameworks",
					"$(inherited)",
				);
				GCC_PREPROCESSOR_DEFINITIONS = (
					"DEBUG=1",
					"$(inherited)",
				);
				INFOPLIST_FILE = "what's whatTests/Info.plist";
				LD_RUNPATH_SEARCH_PATHS = "$(inherited) @executable_path/Frameworks @loader_path/Frameworks";
				LIBRARY_SEARCH_PATHS = "";
				PRODUCT_NAME = "$(TARGET_NAME)";
				PROVISIONING_PROFILE = "";
				SWIFT_OBJC_BRIDGING_HEADER = "what's what/gdal-Bridging-Header.h";
				TEST_HOST = "$(BUILT_PRODUCTS_DIR)/what's what.app/what's what";
			};
			name = Debug;
		};
		135237801ABA20A100D33887 /* Release */ = {
			isa = XCBuildConfiguration;
			buildSettings = {
				BUNDLE_LOADER = "$(TEST_HOST)";
				CODE_SIGN_IDENTITY = "iPhone Developer";
				"CODE_SIGN_IDENTITY[sdk=iphoneos*]" = "iPhone Developer";
				FRAMEWORK_SEARCH_PATHS = (
					"$(SDKROOT)/Developer/Library/Frameworks",
					"$(inherited)",
				);
				INFOPLIST_FILE = "what's whatTests/Info.plist";
				LD_RUNPATH_SEARCH_PATHS = "$(inherited) @executable_path/Frameworks @loader_path/Frameworks";
				LIBRARY_SEARCH_PATHS = "";
				PRODUCT_NAME = "$(TARGET_NAME)";
				PROVISIONING_PROFILE = "";
				SWIFT_OBJC_BRIDGING_HEADER = "what's what/gdal-Bridging-Header.h";
				TEST_HOST = "$(BUILT_PRODUCTS_DIR)/what's what.app/what's what";
			};
			name = Release;
		};
/* End XCBuildConfiguration section */

/* Begin XCConfigurationList section */
		135237571ABA209E00D33887 /* Build configuration list for PBXProject "what's what" */ = {
			isa = XCConfigurationList;
			buildConfigurations = (
				135237791ABA20A100D33887 /* Debug */,
				1352377A1ABA20A100D33887 /* Release */,
			);
			defaultConfigurationIsVisible = 0;
			defaultConfigurationName = Release;
		};
		1352377B1ABA20A100D33887 /* Build configuration list for PBXNativeTarget "what's what" */ = {
			isa = XCConfigurationList;
			buildConfigurations = (
				1352377C1ABA20A100D33887 /* Debug */,
				1352377D1ABA20A100D33887 /* Release */,
			);
			defaultConfigurationIsVisible = 0;
			defaultConfigurationName = Release;
		};
		1352377E1ABA20A100D33887 /* Build configuration list for PBXNativeTarget "what's whatTests" */ = {
			isa = XCConfigurationList;
			buildConfigurations = (
				1352377F1ABA20A100D33887 /* Debug */,
				135237801ABA20A100D33887 /* Release */,
			);
			defaultConfigurationIsVisible = 0;
			defaultConfigurationName = Release;
		};
/* End XCConfigurationList section */
	};
	rootObject = 135237541ABA209E00D33887 /* Project object */;
}
